// !$*UTF8*$!
{
	archiveVersion = 1;
	classes = {
	};
	objectVersion = 55;
	objects = {

/* Begin PBXBuildFile section */
		8D8FA4FD2815DB1900774461 /* RemoteFeedLoader.swift in Sources */ = {isa = PBXBuildFile; fileRef = 8D8FA4FC2815DB1900774461 /* RemoteFeedLoader.swift */; };
		8DF0788B2811F28B00C271C4 /* EssentialFeed.docc in Sources */ = {isa = PBXBuildFile; fileRef = 8DF0788A2811F28B00C271C4 /* EssentialFeed.docc */; };
		8DF078912811F28C00C271C4 /* EssentialFeed.framework in Frameworks */ = {isa = PBXBuildFile; fileRef = 8DF078862811F28B00C271C4 /* EssentialFeed.framework */; };
		8DF078972811F28C00C271C4 /* EssentialFeed.h in Headers */ = {isa = PBXBuildFile; fileRef = 8DF078892811F28B00C271C4 /* EssentialFeed.h */; settings = {ATTRIBUTES = (Public, ); }; };
		8DF078A12811F2D900C271C4 /* FeedImage.swift in Sources */ = {isa = PBXBuildFile; fileRef = 8DF078A02811F2D900C271C4 /* FeedImage.swift */; };
		8DF078A32811F37100C271C4 /* FeedLoader.swift in Sources */ = {isa = PBXBuildFile; fileRef = 8DF078A22811F37100C271C4 /* FeedLoader.swift */; };
		8DF078A62811F4F800C271C4 /* RemoteFeedLoaderTest.swift in Sources */ = {isa = PBXBuildFile; fileRef = 8DF078A52811F4F800C271C4 /* RemoteFeedLoaderTest.swift */; };
		CD0AE3A828B557EF0090B40E /* CachePolicy.swift in Sources */ = {isa = PBXBuildFile; fileRef = CD0AE3A728B557EF0090B40E /* CachePolicy.swift */; };
		CD39CD6429363061003381FA /* Feed.storyboard in Resources */ = {isa = PBXBuildFile; fileRef = CD39CD6329363061003381FA /* Feed.storyboard */; };
		CD39CD66293631D6003381FA /* Feed.xcassets in Resources */ = {isa = PBXBuildFile; fileRef = CD39CD65293631D6003381FA /* Feed.xcassets */; };
		CD39CD692937FCEE003381FA /* FeedImageCell+TestHelpers.swift in Sources */ = {isa = PBXBuildFile; fileRef = CD39CD682937FCEE003381FA /* FeedImageCell+TestHelpers.swift */; };
		CD39CD6B2937FEE6003381FA /* FeedViewController+TestHelpers.swift in Sources */ = {isa = PBXBuildFile; fileRef = CD39CD6A2937FEE6003381FA /* FeedViewController+TestHelpers.swift */; };
		CD39CD6D2937FF60003381FA /* LoaderSpy.swift in Sources */ = {isa = PBXBuildFile; fileRef = CD39CD6C2937FF60003381FA /* LoaderSpy.swift */; };
		CD39CD6F2937FFD2003381FA /* FeedViewControllerTests+TestHelpers.swift in Sources */ = {isa = PBXBuildFile; fileRef = CD39CD6E2937FFD2003381FA /* FeedViewControllerTests+TestHelpers.swift */; };
		CD39CD7B293919FB003381FA /* MainQueueDecorator.swift in Sources */ = {isa = PBXBuildFile; fileRef = CD39CD7A293919FB003381FA /* MainQueueDecorator.swift */; };
		CD39CD7D29391A43003381FA /* FeedLoaderPresentationAdaptor.swift in Sources */ = {isa = PBXBuildFile; fileRef = CD39CD7C29391A43003381FA /* FeedLoaderPresentationAdaptor.swift */; };
		CD39CD7F29391A71003381FA /* FeedAdaptor.swift in Sources */ = {isa = PBXBuildFile; fileRef = CD39CD7E29391A71003381FA /* FeedAdaptor.swift */; };
		CD39CD8129391AB2003381FA /* WeakRefVirtualProxy.swift in Sources */ = {isa = PBXBuildFile; fileRef = CD39CD8029391AB2003381FA /* WeakRefVirtualProxy.swift */; };
		CD39CD8329391B0A003381FA /* FeedViewController+Extensions.swift in Sources */ = {isa = PBXBuildFile; fileRef = CD39CD8229391B0A003381FA /* FeedViewController+Extensions.swift */; };
		CD3EA04228E6EE9500378AD8 /* EssentialFeediOS.docc in Sources */ = {isa = PBXBuildFile; fileRef = CD3EA04128E6EE9500378AD8 /* EssentialFeediOS.docc */; };
		CD3EA04828E6EE9500378AD8 /* EssentialFeediOS.framework in Frameworks */ = {isa = PBXBuildFile; fileRef = CD3EA03E28E6EE9500378AD8 /* EssentialFeediOS.framework */; };
		CD3EA05828E7329B00378AD8 /* FeedUIIntegrationTests.swift in Sources */ = {isa = PBXBuildFile; fileRef = CD3EA05728E7329B00378AD8 /* FeedUIIntegrationTests.swift */; };
		CD3EA05A28E735E200378AD8 /* EssentialFeed.framework in Frameworks */ = {isa = PBXBuildFile; fileRef = 8DF078862811F28B00C271C4 /* EssentialFeed.framework */; platformFilter = ios; };
		CD3EA05B28E735E200378AD8 /* EssentialFeed.framework in Embed Frameworks */ = {isa = PBXBuildFile; fileRef = 8DF078862811F28B00C271C4 /* EssentialFeed.framework */; platformFilter = ios; settings = {ATTRIBUTES = (CodeSignOnCopy, RemoveHeadersOnCopy, ); }; };
		CD40569E2909787B00CF41E5 /* FeedImageCell.swift in Sources */ = {isa = PBXBuildFile; fileRef = CD40569D2909787B00CF41E5 /* FeedImageCell.swift */; };
		CD52C78E28A5A117004CEF61 /* LoadFeedFromCacheUseCaseTests.swift in Sources */ = {isa = PBXBuildFile; fileRef = CD52C78D28A5A117004CEF61 /* LoadFeedFromCacheUseCaseTests.swift */; };
		CD52C79128A5AD9E004CEF61 /* FeedStoreSpy.swift in Sources */ = {isa = PBXBuildFile; fileRef = CD52C79028A5AD9E004CEF61 /* FeedStoreSpy.swift */; };
		CD5644512894AA8600B6A273 /* HTTPClient.swift in Sources */ = {isa = PBXBuildFile; fileRef = CD5644502894AA8600B6A273 /* HTTPClient.swift */; };
		CD5644532894AB3200B6A273 /* FeedItemMapper.swift in Sources */ = {isa = PBXBuildFile; fileRef = CD5644522894AB3200B6A273 /* FeedItemMapper.swift */; };
		CD5644562895511100B6A273 /* URLSessionHTTPClientTests.swift in Sources */ = {isa = PBXBuildFile; fileRef = CD5644552895511100B6A273 /* URLSessionHTTPClientTests.swift */; };
		CD6CE9B728F2BC1F00A7D915 /* FeedViewController.swift in Sources */ = {isa = PBXBuildFile; fileRef = CD6CE9B628F2BC1F00A7D915 /* FeedViewController.swift */; };
		CD6E030428F2AEFC00B28713 /* XCTTestCase+MemoryLeakTracking.swift in Sources */ = {isa = PBXBuildFile; fileRef = CDDA8663289960A100FDCFEC /* XCTTestCase+MemoryLeakTracking.swift */; };
		CD78BDA428AF990800D179FE /* ValidateCacheFeedUseCase.swift in Sources */ = {isa = PBXBuildFile; fileRef = CD78BDA328AF990700D179FE /* ValidateCacheFeedUseCase.swift */; };
		CD891B60293CD2A4007FFED5 /* FeedPresenterTests.swift in Sources */ = {isa = PBXBuildFile; fileRef = CD891B5F293CD2A4007FFED5 /* FeedPresenterTests.swift */; };
		CD952BCC289ACDE500E33C8A /* EssentialFeedAPIEndToEndTests.swift in Sources */ = {isa = PBXBuildFile; fileRef = CD952BCB289ACDE500E33C8A /* EssentialFeedAPIEndToEndTests.swift */; };
		CD952BCD289ACDE500E33C8A /* EssentialFeed.framework in Frameworks */ = {isa = PBXBuildFile; fileRef = 8DF078862811F28B00C271C4 /* EssentialFeed.framework */; };
		CD952BD3289AD19C00E33C8A /* XCTTestCase+MemoryLeakTracking.swift in Sources */ = {isa = PBXBuildFile; fileRef = CDDA8663289960A100FDCFEC /* XCTTestCase+MemoryLeakTracking.swift */; };
		CD975A0B28AFB12D0057ADB6 /* TestHelpers.swift in Sources */ = {isa = PBXBuildFile; fileRef = CD975A0A28AFB12D0057ADB6 /* TestHelpers.swift */; };
		CD975A0D28AFB1C10057ADB6 /* CacheTestHelpers.swift in Sources */ = {isa = PBXBuildFile; fileRef = CD975A0C28AFB1C10057ADB6 /* CacheTestHelpers.swift */; };
		CDC6FF42291E6A28000889F8 /* FeedImageViewModel.swift in Sources */ = {isa = PBXBuildFile; fileRef = CDC6FF41291E6A28000889F8 /* FeedImageViewModel.swift */; };
		CDC6FF45291E71D1000889F8 /* UIImage+TestHelpers.swift in Sources */ = {isa = PBXBuildFile; fileRef = CDC6FF44291E71D0000889F8 /* UIImage+TestHelpers.swift */; };
		CDD450B2289D3F220064910E /* CacheFeedUseCaseTests.swift in Sources */ = {isa = PBXBuildFile; fileRef = CDD450B1289D3F220064910E /* CacheFeedUseCaseTests.swift */; };
		CDD450B528A1D4E20064910E /* LocalFeedLoader.swift in Sources */ = {isa = PBXBuildFile; fileRef = CDD450B428A1D4E20064910E /* LocalFeedLoader.swift */; };
		CDD450B728A1D51F0064910E /* FeedStore.swift in Sources */ = {isa = PBXBuildFile; fileRef = CDD450B628A1D51F0064910E /* FeedStore.swift */; };
		CDD6F1CA28A4351F00BA1F2D /* RemoteFeedItem.swift in Sources */ = {isa = PBXBuildFile; fileRef = CDD6F1C928A4351F00BA1F2D /* RemoteFeedItem.swift */; };
		CDD6F1CC28A4356E00BA1F2D /* LocalFeedImage.swift in Sources */ = {isa = PBXBuildFile; fileRef = CDD6F1CB28A4356E00BA1F2D /* LocalFeedImage.swift */; };
		CDD8FD1E294A4BF9007B31C3 /* FeedImageLoader.swift in Sources */ = {isa = PBXBuildFile; fileRef = CD24330029131FDF00B18531 /* FeedImageLoader.swift */; };
		CDD8FD21294A4DDA007B31C3 /* FeedLoadingViewModel.swift in Sources */ = {isa = PBXBuildFile; fileRef = CDD8FD20294A4DDA007B31C3 /* FeedLoadingViewModel.swift */; };
		CDD8FD24294A4DFA007B31C3 /* FeedLoadingView.swift in Sources */ = {isa = PBXBuildFile; fileRef = CDD8FD23294A4DFA007B31C3 /* FeedLoadingView.swift */; };
		CDD8FD26294A4E14007B31C3 /* FeedViewModel.swift in Sources */ = {isa = PBXBuildFile; fileRef = CDD8FD25294A4E14007B31C3 /* FeedViewModel.swift */; };
		CDD8FD28294A4E44007B31C3 /* FeedView+Protocol.swift in Sources */ = {isa = PBXBuildFile; fileRef = CDD8FD27294A4E44007B31C3 /* FeedView+Protocol.swift */; };
		CDD8FD2A294A4E6E007B31C3 /* FeedPresenter.swift in Sources */ = {isa = PBXBuildFile; fileRef = CDD8FD29294A4E6E007B31C3 /* FeedPresenter.swift */; };
		CDD8FD2B294A508C007B31C3 /* FeedLocalizationTests.swift in Sources */ = {isa = PBXBuildFile; fileRef = CD39CD7829390724003381FA /* FeedLocalizationTests.swift */; };
		CDD8FD2D294A50DC007B31C3 /* Feed.strings in Resources */ = {isa = PBXBuildFile; fileRef = CD39CD7429390598003381FA /* Feed.strings */; };
		CDD8FD2F29511873007B31C3 /* HTTPURLResponse+StatusCode.swift in Sources */ = {isa = PBXBuildFile; fileRef = CDD8FD2E29511873007B31C3 /* HTTPURLResponse+StatusCode.swift */; };
		CDD8FD31295118BF007B31C3 /* RemoteFeedImageDataLoader.swift in Sources */ = {isa = PBXBuildFile; fileRef = CDD8FD30295118BF007B31C3 /* RemoteFeedImageDataLoader.swift */; };
		CDD8FD3429511ACF007B31C3 /* HTTPClientSpy.swift in Sources */ = {isa = PBXBuildFile; fileRef = CDD8FD3329511ACF007B31C3 /* HTTPClientSpy.swift */; };
		CDD8FD3629511AF4007B31C3 /* URLProtocolStub.swift in Sources */ = {isa = PBXBuildFile; fileRef = CDD8FD3529511AF4007B31C3 /* URLProtocolStub.swift */; };
		CDD8FD3829511C60007B31C3 /* LoadFeedImageDataFromRemoteUseCaseTests.swift in Sources */ = {isa = PBXBuildFile; fileRef = CDD8FD3729511C60007B31C3 /* LoadFeedImageDataFromRemoteUseCaseTests.swift */; };
		CDDA8664289960A100FDCFEC /* XCTTestCase+MemoryLeakTracking.swift in Sources */ = {isa = PBXBuildFile; fileRef = CDDA8663289960A100FDCFEC /* XCTTestCase+MemoryLeakTracking.swift */; };
		CDDA86662899DBEF00FDCFEC /* URLSessionHTTPClient.swift in Sources */ = {isa = PBXBuildFile; fileRef = CDDA86652899DBEF00FDCFEC /* URLSessionHTTPClient.swift */; };
		CDDAB41B28B6A4DB0063E0A2 /* CodableFeedStoreTests.swift in Sources */ = {isa = PBXBuildFile; fileRef = CDDAB41A28B6A4DB0063E0A2 /* CodableFeedStoreTests.swift */; };
		CDDAB42328BB770E0063E0A2 /* CodableFeedStore.swift in Sources */ = {isa = PBXBuildFile; fileRef = CDDAB42228BB770E0063E0A2 /* CodableFeedStore.swift */; };
		CDDCCC922917FF13003F12A3 /* FeedImageCellController.swift in Sources */ = {isa = PBXBuildFile; fileRef = CDDCCC912917FF13003F12A3 /* FeedImageCellController.swift */; };
		CDDCCC952918078A003F12A3 /* FeedUIComposer.swift in Sources */ = {isa = PBXBuildFile; fileRef = CDDCCC942918078A003F12A3 /* FeedUIComposer.swift */; };
/* End PBXBuildFile section */

/* Begin PBXContainerItemProxy section */
		8DF078922811F28C00C271C4 /* PBXContainerItemProxy */ = {
			isa = PBXContainerItemProxy;
			containerPortal = 8DF0787D2811F28B00C271C4 /* Project object */;
			proxyType = 1;
			remoteGlobalIDString = 8DF078852811F28B00C271C4;
			remoteInfo = EssentialFeed;
		};
		CD3EA04928E6EE9500378AD8 /* PBXContainerItemProxy */ = {
			isa = PBXContainerItemProxy;
			containerPortal = 8DF0787D2811F28B00C271C4 /* Project object */;
			proxyType = 1;
			remoteGlobalIDString = CD3EA03D28E6EE9500378AD8;
			remoteInfo = EssentialFeediOS;
		};
		CD3EA05C28E735E200378AD8 /* PBXContainerItemProxy */ = {
			isa = PBXContainerItemProxy;
			containerPortal = 8DF0787D2811F28B00C271C4 /* Project object */;
			proxyType = 1;
			remoteGlobalIDString = 8DF078852811F28B00C271C4;
			remoteInfo = EssentialFeed;
		};
		CD952BCE289ACDE500E33C8A /* PBXContainerItemProxy */ = {
			isa = PBXContainerItemProxy;
			containerPortal = 8DF0787D2811F28B00C271C4 /* Project object */;
			proxyType = 1;
			remoteGlobalIDString = 8DF078852811F28B00C271C4;
			remoteInfo = EssentialFeed;
		};
/* End PBXContainerItemProxy section */

/* Begin PBXCopyFilesBuildPhase section */
		CD3EA05E28E735E200378AD8 /* Embed Frameworks */ = {
			isa = PBXCopyFilesBuildPhase;
			buildActionMask = 2147483647;
			dstPath = "";
			dstSubfolderSpec = 10;
			files = (
				CD3EA05B28E735E200378AD8 /* EssentialFeed.framework in Embed Frameworks */,
			);
			name = "Embed Frameworks";
			runOnlyForDeploymentPostprocessing = 0;
		};
/* End PBXCopyFilesBuildPhase section */

/* Begin PBXFileReference section */
		8D8FA4FC2815DB1900774461 /* RemoteFeedLoader.swift */ = {isa = PBXFileReference; lastKnownFileType = sourcecode.swift; path = RemoteFeedLoader.swift; sourceTree = "<group>"; };
		8DF078862811F28B00C271C4 /* EssentialFeed.framework */ = {isa = PBXFileReference; explicitFileType = wrapper.framework; includeInIndex = 0; path = EssentialFeed.framework; sourceTree = BUILT_PRODUCTS_DIR; };
		8DF078892811F28B00C271C4 /* EssentialFeed.h */ = {isa = PBXFileReference; lastKnownFileType = sourcecode.c.h; path = EssentialFeed.h; sourceTree = "<group>"; };
		8DF0788A2811F28B00C271C4 /* EssentialFeed.docc */ = {isa = PBXFileReference; lastKnownFileType = folder.documentationcatalog; path = EssentialFeed.docc; sourceTree = "<group>"; };
		8DF078902811F28C00C271C4 /* EssentialFeedTests.xctest */ = {isa = PBXFileReference; explicitFileType = wrapper.cfbundle; includeInIndex = 0; path = EssentialFeedTests.xctest; sourceTree = BUILT_PRODUCTS_DIR; };
		8DF078A02811F2D900C271C4 /* FeedImage.swift */ = {isa = PBXFileReference; lastKnownFileType = sourcecode.swift; path = FeedImage.swift; sourceTree = "<group>"; };
		8DF078A22811F37100C271C4 /* FeedLoader.swift */ = {isa = PBXFileReference; lastKnownFileType = sourcecode.swift; path = FeedLoader.swift; sourceTree = "<group>"; };
		8DF078A42811F4F800C271C4 /* EssentialFeedTests-Bridging-Header.h */ = {isa = PBXFileReference; lastKnownFileType = sourcecode.c.h; path = "EssentialFeedTests-Bridging-Header.h"; sourceTree = "<group>"; };
		8DF078A52811F4F800C271C4 /* RemoteFeedLoaderTest.swift */ = {isa = PBXFileReference; lastKnownFileType = sourcecode.swift; path = RemoteFeedLoaderTest.swift; sourceTree = "<group>"; };
		CD0AE3A728B557EF0090B40E /* CachePolicy.swift */ = {isa = PBXFileReference; lastKnownFileType = sourcecode.swift; path = CachePolicy.swift; sourceTree = "<group>"; };
		CD24330029131FDF00B18531 /* FeedImageLoader.swift */ = {isa = PBXFileReference; lastKnownFileType = sourcecode.swift; path = FeedImageLoader.swift; sourceTree = "<group>"; };
		CD39CD6329363061003381FA /* Feed.storyboard */ = {isa = PBXFileReference; fileEncoding = 4; lastKnownFileType = file.storyboard; path = Feed.storyboard; sourceTree = "<group>"; };
		CD39CD65293631D6003381FA /* Feed.xcassets */ = {isa = PBXFileReference; lastKnownFileType = folder.assetcatalog; path = Feed.xcassets; sourceTree = "<group>"; };
		CD39CD682937FCEE003381FA /* FeedImageCell+TestHelpers.swift */ = {isa = PBXFileReference; lastKnownFileType = sourcecode.swift; path = "FeedImageCell+TestHelpers.swift"; sourceTree = "<group>"; };
		CD39CD6A2937FEE6003381FA /* FeedViewController+TestHelpers.swift */ = {isa = PBXFileReference; lastKnownFileType = sourcecode.swift; path = "FeedViewController+TestHelpers.swift"; sourceTree = "<group>"; };
		CD39CD6C2937FF60003381FA /* LoaderSpy.swift */ = {isa = PBXFileReference; lastKnownFileType = sourcecode.swift; path = LoaderSpy.swift; sourceTree = "<group>"; };
		CD39CD6E2937FFD2003381FA /* FeedViewControllerTests+TestHelpers.swift */ = {isa = PBXFileReference; lastKnownFileType = sourcecode.swift; path = "FeedViewControllerTests+TestHelpers.swift"; sourceTree = "<group>"; };
		CD39CD7329390598003381FA /* en */ = {isa = PBXFileReference; lastKnownFileType = text.plist.strings; name = en; path = en.lproj/Feed.strings; sourceTree = "<group>"; };
		CD39CD7529390638003381FA /* nl */ = {isa = PBXFileReference; lastKnownFileType = text.plist.strings; name = nl; path = nl.lproj/Feed.strings; sourceTree = "<group>"; };
		CD39CD7829390724003381FA /* FeedLocalizationTests.swift */ = {isa = PBXFileReference; lastKnownFileType = sourcecode.swift; path = FeedLocalizationTests.swift; sourceTree = "<group>"; };
		CD39CD7A293919FB003381FA /* MainQueueDecorator.swift */ = {isa = PBXFileReference; lastKnownFileType = sourcecode.swift; path = MainQueueDecorator.swift; sourceTree = "<group>"; };
		CD39CD7C29391A43003381FA /* FeedLoaderPresentationAdaptor.swift */ = {isa = PBXFileReference; lastKnownFileType = sourcecode.swift; path = FeedLoaderPresentationAdaptor.swift; sourceTree = "<group>"; };
		CD39CD7E29391A71003381FA /* FeedAdaptor.swift */ = {isa = PBXFileReference; lastKnownFileType = sourcecode.swift; path = FeedAdaptor.swift; sourceTree = "<group>"; };
		CD39CD8029391AB2003381FA /* WeakRefVirtualProxy.swift */ = {isa = PBXFileReference; lastKnownFileType = sourcecode.swift; path = WeakRefVirtualProxy.swift; sourceTree = "<group>"; };
		CD39CD8229391B0A003381FA /* FeedViewController+Extensions.swift */ = {isa = PBXFileReference; lastKnownFileType = sourcecode.swift; path = "FeedViewController+Extensions.swift"; sourceTree = "<group>"; };
		CD3EA03E28E6EE9500378AD8 /* EssentialFeediOS.framework */ = {isa = PBXFileReference; explicitFileType = wrapper.framework; includeInIndex = 0; path = EssentialFeediOS.framework; sourceTree = BUILT_PRODUCTS_DIR; };
		CD3EA04128E6EE9500378AD8 /* EssentialFeediOS.docc */ = {isa = PBXFileReference; lastKnownFileType = folder.documentationcatalog; path = EssentialFeediOS.docc; sourceTree = "<group>"; };
		CD3EA04728E6EE9500378AD8 /* EssentialFeediOSTests.xctest */ = {isa = PBXFileReference; explicitFileType = wrapper.cfbundle; includeInIndex = 0; path = EssentialFeediOSTests.xctest; sourceTree = BUILT_PRODUCTS_DIR; };
		CD3EA05728E7329B00378AD8 /* FeedUIIntegrationTests.swift */ = {isa = PBXFileReference; lastKnownFileType = sourcecode.swift; name = FeedUIIntegrationTests.swift; path = EssentialFeediOSTests/FeedUI/FeedUIIntegrationTests.swift; sourceTree = SOURCE_ROOT; };
		CD40569D2909787B00CF41E5 /* FeedImageCell.swift */ = {isa = PBXFileReference; lastKnownFileType = sourcecode.swift; path = FeedImageCell.swift; sourceTree = "<group>"; };
		CD52C78D28A5A117004CEF61 /* LoadFeedFromCacheUseCaseTests.swift */ = {isa = PBXFileReference; lastKnownFileType = sourcecode.swift; path = LoadFeedFromCacheUseCaseTests.swift; sourceTree = "<group>"; };
		CD52C79028A5AD9E004CEF61 /* FeedStoreSpy.swift */ = {isa = PBXFileReference; lastKnownFileType = sourcecode.swift; path = FeedStoreSpy.swift; sourceTree = "<group>"; };
		CD5644502894AA8600B6A273 /* HTTPClient.swift */ = {isa = PBXFileReference; lastKnownFileType = sourcecode.swift; path = HTTPClient.swift; sourceTree = "<group>"; };
		CD5644522894AB3200B6A273 /* FeedItemMapper.swift */ = {isa = PBXFileReference; lastKnownFileType = sourcecode.swift; path = FeedItemMapper.swift; sourceTree = "<group>"; };
		CD5644552895511100B6A273 /* URLSessionHTTPClientTests.swift */ = {isa = PBXFileReference; lastKnownFileType = sourcecode.swift; path = URLSessionHTTPClientTests.swift; sourceTree = "<group>"; };
		CD6CE9B628F2BC1F00A7D915 /* FeedViewController.swift */ = {isa = PBXFileReference; lastKnownFileType = sourcecode.swift; path = FeedViewController.swift; sourceTree = "<group>"; };
		CD78BDA328AF990700D179FE /* ValidateCacheFeedUseCase.swift */ = {isa = PBXFileReference; lastKnownFileType = sourcecode.swift; path = ValidateCacheFeedUseCase.swift; sourceTree = "<group>"; };
		CD891B5F293CD2A4007FFED5 /* FeedPresenterTests.swift */ = {isa = PBXFileReference; lastKnownFileType = sourcecode.swift; path = FeedPresenterTests.swift; sourceTree = "<group>"; };
		CD952BC9289ACDE500E33C8A /* EssentialFeedAPIEndToEndTests.xctest */ = {isa = PBXFileReference; explicitFileType = wrapper.cfbundle; includeInIndex = 0; path = EssentialFeedAPIEndToEndTests.xctest; sourceTree = BUILT_PRODUCTS_DIR; };
		CD952BCB289ACDE500E33C8A /* EssentialFeedAPIEndToEndTests.swift */ = {isa = PBXFileReference; lastKnownFileType = sourcecode.swift; path = EssentialFeedAPIEndToEndTests.swift; sourceTree = "<group>"; };
		CD975A0A28AFB12D0057ADB6 /* TestHelpers.swift */ = {isa = PBXFileReference; lastKnownFileType = sourcecode.swift; path = TestHelpers.swift; sourceTree = "<group>"; };
		CD975A0C28AFB1C10057ADB6 /* CacheTestHelpers.swift */ = {isa = PBXFileReference; lastKnownFileType = sourcecode.swift; path = CacheTestHelpers.swift; sourceTree = "<group>"; };
		CDC6FF41291E6A28000889F8 /* FeedImageViewModel.swift */ = {isa = PBXFileReference; lastKnownFileType = sourcecode.swift; path = FeedImageViewModel.swift; sourceTree = "<group>"; };
		CDC6FF44291E71D0000889F8 /* UIImage+TestHelpers.swift */ = {isa = PBXFileReference; lastKnownFileType = sourcecode.swift; path = "UIImage+TestHelpers.swift"; sourceTree = "<group>"; };
		CDD450B1289D3F220064910E /* CacheFeedUseCaseTests.swift */ = {isa = PBXFileReference; lastKnownFileType = sourcecode.swift; path = CacheFeedUseCaseTests.swift; sourceTree = "<group>"; };
		CDD450B428A1D4E20064910E /* LocalFeedLoader.swift */ = {isa = PBXFileReference; lastKnownFileType = sourcecode.swift; path = LocalFeedLoader.swift; sourceTree = "<group>"; };
		CDD450B628A1D51F0064910E /* FeedStore.swift */ = {isa = PBXFileReference; lastKnownFileType = sourcecode.swift; path = FeedStore.swift; sourceTree = "<group>"; };
		CDD6F1C928A4351F00BA1F2D /* RemoteFeedItem.swift */ = {isa = PBXFileReference; lastKnownFileType = sourcecode.swift; path = RemoteFeedItem.swift; sourceTree = "<group>"; };
		CDD6F1CB28A4356E00BA1F2D /* LocalFeedImage.swift */ = {isa = PBXFileReference; lastKnownFileType = sourcecode.swift; path = LocalFeedImage.swift; sourceTree = "<group>"; };
		CDD8FD20294A4DDA007B31C3 /* FeedLoadingViewModel.swift */ = {isa = PBXFileReference; lastKnownFileType = sourcecode.swift; path = FeedLoadingViewModel.swift; sourceTree = "<group>"; };
		CDD8FD23294A4DFA007B31C3 /* FeedLoadingView.swift */ = {isa = PBXFileReference; lastKnownFileType = sourcecode.swift; path = FeedLoadingView.swift; sourceTree = "<group>"; };
		CDD8FD25294A4E14007B31C3 /* FeedViewModel.swift */ = {isa = PBXFileReference; lastKnownFileType = sourcecode.swift; path = FeedViewModel.swift; sourceTree = "<group>"; };
		CDD8FD27294A4E44007B31C3 /* FeedView+Protocol.swift */ = {isa = PBXFileReference; lastKnownFileType = sourcecode.swift; path = "FeedView+Protocol.swift"; sourceTree = "<group>"; };
		CDD8FD29294A4E6E007B31C3 /* FeedPresenter.swift */ = {isa = PBXFileReference; lastKnownFileType = sourcecode.swift; path = FeedPresenter.swift; sourceTree = "<group>"; };
		CDD8FD2E29511873007B31C3 /* HTTPURLResponse+StatusCode.swift */ = {isa = PBXFileReference; lastKnownFileType = sourcecode.swift; path = "HTTPURLResponse+StatusCode.swift"; sourceTree = "<group>"; };
		CDD8FD30295118BF007B31C3 /* RemoteFeedImageDataLoader.swift */ = {isa = PBXFileReference; lastKnownFileType = sourcecode.swift; path = RemoteFeedImageDataLoader.swift; sourceTree = "<group>"; };
		CDD8FD3329511ACF007B31C3 /* HTTPClientSpy.swift */ = {isa = PBXFileReference; lastKnownFileType = sourcecode.swift; path = HTTPClientSpy.swift; sourceTree = "<group>"; };
		CDD8FD3529511AF4007B31C3 /* URLProtocolStub.swift */ = {isa = PBXFileReference; lastKnownFileType = sourcecode.swift; path = URLProtocolStub.swift; sourceTree = "<group>"; };
		CDD8FD3729511C60007B31C3 /* LoadFeedImageDataFromRemoteUseCaseTests.swift */ = {isa = PBXFileReference; lastKnownFileType = sourcecode.swift; path = LoadFeedImageDataFromRemoteUseCaseTests.swift; sourceTree = "<group>"; };
		CDDA8663289960A100FDCFEC /* XCTTestCase+MemoryLeakTracking.swift */ = {isa = PBXFileReference; lastKnownFileType = sourcecode.swift; path = "XCTTestCase+MemoryLeakTracking.swift"; sourceTree = "<group>"; };
		CDDA86652899DBEF00FDCFEC /* URLSessionHTTPClient.swift */ = {isa = PBXFileReference; lastKnownFileType = sourcecode.swift; path = URLSessionHTTPClient.swift; sourceTree = "<group>"; };
		CDDAB41A28B6A4DB0063E0A2 /* CodableFeedStoreTests.swift */ = {isa = PBXFileReference; lastKnownFileType = sourcecode.swift; path = CodableFeedStoreTests.swift; sourceTree = "<group>"; };
		CDDAB42228BB770E0063E0A2 /* CodableFeedStore.swift */ = {isa = PBXFileReference; lastKnownFileType = sourcecode.swift; path = CodableFeedStore.swift; sourceTree = "<group>"; };
		CDDCCC912917FF13003F12A3 /* FeedImageCellController.swift */ = {isa = PBXFileReference; lastKnownFileType = sourcecode.swift; path = FeedImageCellController.swift; sourceTree = "<group>"; };
		CDDCCC942918078A003F12A3 /* FeedUIComposer.swift */ = {isa = PBXFileReference; lastKnownFileType = sourcecode.swift; path = FeedUIComposer.swift; sourceTree = "<group>"; };
/* End PBXFileReference section */

/* Begin PBXFrameworksBuildPhase section */
		8DF078832811F28B00C271C4 /* Frameworks */ = {
			isa = PBXFrameworksBuildPhase;
			buildActionMask = 2147483647;
			files = (
			);
			runOnlyForDeploymentPostprocessing = 0;
		};
		8DF0788D2811F28C00C271C4 /* Frameworks */ = {
			isa = PBXFrameworksBuildPhase;
			buildActionMask = 2147483647;
			files = (
				8DF078912811F28C00C271C4 /* EssentialFeed.framework in Frameworks */,
			);
			runOnlyForDeploymentPostprocessing = 0;
		};
		CD3EA03B28E6EE9500378AD8 /* Frameworks */ = {
			isa = PBXFrameworksBuildPhase;
			buildActionMask = 2147483647;
			files = (
				CD3EA05A28E735E200378AD8 /* EssentialFeed.framework in Frameworks */,
			);
			runOnlyForDeploymentPostprocessing = 0;
		};
		CD3EA04428E6EE9500378AD8 /* Frameworks */ = {
			isa = PBXFrameworksBuildPhase;
			buildActionMask = 2147483647;
			files = (
				CD3EA04828E6EE9500378AD8 /* EssentialFeediOS.framework in Frameworks */,
			);
			runOnlyForDeploymentPostprocessing = 0;
		};
		CD952BC6289ACDE500E33C8A /* Frameworks */ = {
			isa = PBXFrameworksBuildPhase;
			buildActionMask = 2147483647;
			files = (
				CD952BCD289ACDE500E33C8A /* EssentialFeed.framework in Frameworks */,
			);
			runOnlyForDeploymentPostprocessing = 0;
		};
/* End PBXFrameworksBuildPhase section */

/* Begin PBXGroup section */
		8D8FA4FB2815DAFC00774461 /* Feed API */ = {
			isa = PBXGroup;
			children = (
				8D8FA4FC2815DB1900774461 /* RemoteFeedLoader.swift */,
				CD5644502894AA8600B6A273 /* HTTPClient.swift */,
				CD5644522894AB3200B6A273 /* FeedItemMapper.swift */,
				CDDA86652899DBEF00FDCFEC /* URLSessionHTTPClient.swift */,
				CDD6F1C928A4351F00BA1F2D /* RemoteFeedItem.swift */,
				CDD8FD2E29511873007B31C3 /* HTTPURLResponse+StatusCode.swift */,
				CDD8FD30295118BF007B31C3 /* RemoteFeedImageDataLoader.swift */,
			);
			path = "Feed API";
			sourceTree = "<group>";
		};
		8DF0787C2811F28B00C271C4 = {
			isa = PBXGroup;
			children = (
				8DF078882811F28B00C271C4 /* EssentialFeed */,
				8DF078942811F28C00C271C4 /* EssentialFeedTests */,
				CD952BCA289ACDE500E33C8A /* EssentialFeedAPIEndToEndTests */,
				CD3EA03F28E6EE9500378AD8 /* EssentialFeediOS */,
				CD3EA04B28E6EE9500378AD8 /* EssentialFeediOSTests */,
				8DF078872811F28B00C271C4 /* Products */,
				CD3EA05928E735E200378AD8 /* Frameworks */,
			);
			sourceTree = "<group>";
		};
		8DF078872811F28B00C271C4 /* Products */ = {
			isa = PBXGroup;
			children = (
				8DF078862811F28B00C271C4 /* EssentialFeed.framework */,
				8DF078902811F28C00C271C4 /* EssentialFeedTests.xctest */,
				CD952BC9289ACDE500E33C8A /* EssentialFeedAPIEndToEndTests.xctest */,
				CD3EA03E28E6EE9500378AD8 /* EssentialFeediOS.framework */,
				CD3EA04728E6EE9500378AD8 /* EssentialFeediOSTests.xctest */,
			);
			name = Products;
			sourceTree = "<group>";
		};
		8DF078882811F28B00C271C4 /* EssentialFeed */ = {
			isa = PBXGroup;
			children = (
				CDD8FD1F294A4DC8007B31C3 /* FeedPresenter */,
				CDD450B328A1D4CD0064910E /* Feed Cache */,
				8D8FA4FB2815DAFC00774461 /* Feed API */,
				8DF078A72811FDE900C271C4 /* FeedFeature */,
				8DF078892811F28B00C271C4 /* EssentialFeed.h */,
				8DF0788A2811F28B00C271C4 /* EssentialFeed.docc */,
			);
			path = EssentialFeed;
			sourceTree = "<group>";
		};
		8DF078942811F28C00C271C4 /* EssentialFeedTests */ = {
			isa = PBXGroup;
			children = (
				CD891B5E293CD281007FFED5 /* Feed Presenter */,
				CDDA86622899607D00FDCFEC /* Helper */,
				CDD450B0289D3EF80064910E /* Feed Cache */,
				CD564454289521D400B6A273 /* Feed API */,
				8DF078A42811F4F800C271C4 /* EssentialFeedTests-Bridging-Header.h */,
			);
			path = EssentialFeedTests;
			sourceTree = "<group>";
		};
		8DF078A72811FDE900C271C4 /* FeedFeature */ = {
			isa = PBXGroup;
			children = (
				CD24330029131FDF00B18531 /* FeedImageLoader.swift */,
				8DF078A02811F2D900C271C4 /* FeedImage.swift */,
				8DF078A22811F37100C271C4 /* FeedLoader.swift */,
			);
			path = FeedFeature;
			sourceTree = "<group>";
		};
		CD2432FC29131F7E00B18531 /* FeedUI */ = {
			isa = PBXGroup;
			children = (
				CDC6FF3E291E6014000889F8 /* Models */,
				CDDCCC932918077A003F12A3 /* Composers */,
				CD2432FE29131FA500B18531 /* Views */,
				CD2432FD29131F8F00B18531 /* Controllers */,
			);
			path = FeedUI;
			sourceTree = "<group>";
		};
		CD2432FD29131F8F00B18531 /* Controllers */ = {
			isa = PBXGroup;
			children = (
				CD6CE9B628F2BC1F00A7D915 /* FeedViewController.swift */,
				CDDCCC912917FF13003F12A3 /* FeedImageCellController.swift */,
			);
			path = Controllers;
			sourceTree = "<group>";
		};
		CD2432FE29131FA500B18531 /* Views */ = {
			isa = PBXGroup;
			children = (
				CD39CD65293631D6003381FA /* Feed.xcassets */,
				CD39CD6329363061003381FA /* Feed.storyboard */,
				CD40569D2909787B00CF41E5 /* FeedImageCell.swift */,
			);
			path = Views;
			sourceTree = "<group>";
		};
		CD2432FF29131FC300B18531 /* FeedImageLoader */ = {
			isa = PBXGroup;
			children = (
			);
			path = FeedImageLoader;
			sourceTree = "<group>";
		};
		CD2433022913201E00B18531 /* FeedUI */ = {
			isa = PBXGroup;
			children = (
				CD3EA05728E7329B00378AD8 /* FeedUIIntegrationTests.swift */,
				CDC6FF43291E71B4000889F8 /* Helpers */,
			);
			path = FeedUI;
			sourceTree = "<group>";
		};
		CD3EA03F28E6EE9500378AD8 /* EssentialFeediOS */ = {
			isa = PBXGroup;
			children = (
				CD2432FF29131FC300B18531 /* FeedImageLoader */,
				CD2432FC29131F7E00B18531 /* FeedUI */,
				CD3EA04128E6EE9500378AD8 /* EssentialFeediOS.docc */,
			);
			path = EssentialFeediOS;
			sourceTree = "<group>";
		};
		CD3EA04B28E6EE9500378AD8 /* EssentialFeediOSTests */ = {
			isa = PBXGroup;
			children = (
				CD2433022913201E00B18531 /* FeedUI */,
			);
			path = EssentialFeediOSTests;
			sourceTree = "<group>";
		};
		CD3EA05928E735E200378AD8 /* Frameworks */ = {
			isa = PBXGroup;
			children = (
			);
			name = Frameworks;
			sourceTree = "<group>";
		};
		CD52C78F28A5AD8C004CEF61 /* Helper */ = {
			isa = PBXGroup;
			children = (
				CD52C79028A5AD9E004CEF61 /* FeedStoreSpy.swift */,
				CD975A0C28AFB1C10057ADB6 /* CacheTestHelpers.swift */,
			);
			path = Helper;
			sourceTree = "<group>";
		};
		CD564454289521D400B6A273 /* Feed API */ = {
			isa = PBXGroup;
			children = (
				CDD8FD3229511AC2007B31C3 /* Helpers */,
				8DF078A52811F4F800C271C4 /* RemoteFeedLoaderTest.swift */,
				CD5644552895511100B6A273 /* URLSessionHTTPClientTests.swift */,
				CDD8FD3729511C60007B31C3 /* LoadFeedImageDataFromRemoteUseCaseTests.swift */,
			);
			path = "Feed API";
			sourceTree = "<group>";
		};
		CD891B5E293CD281007FFED5 /* Feed Presenter */ = {
			isa = PBXGroup;
			children = (
				CD39CD7829390724003381FA /* FeedLocalizationTests.swift */,
				CD891B5F293CD2A4007FFED5 /* FeedPresenterTests.swift */,
			);
			path = "Feed Presenter";
			sourceTree = "<group>";
		};
		CD952BCA289ACDE500E33C8A /* EssentialFeedAPIEndToEndTests */ = {
			isa = PBXGroup;
			children = (
				CD952BCB289ACDE500E33C8A /* EssentialFeedAPIEndToEndTests.swift */,
			);
			path = EssentialFeedAPIEndToEndTests;
			sourceTree = "<group>";
		};
		CDC6FF3E291E6014000889F8 /* Models */ = {
			isa = PBXGroup;
			children = (
				CDC6FF41291E6A28000889F8 /* FeedImageViewModel.swift */,
			);
			path = Models;
			sourceTree = "<group>";
		};
		CDC6FF43291E71B4000889F8 /* Helpers */ = {
			isa = PBXGroup;
			children = (
				CD39CD682937FCEE003381FA /* FeedImageCell+TestHelpers.swift */,
				CD39CD6A2937FEE6003381FA /* FeedViewController+TestHelpers.swift */,
				CD39CD6C2937FF60003381FA /* LoaderSpy.swift */,
				CD39CD6E2937FFD2003381FA /* FeedViewControllerTests+TestHelpers.swift */,
				CDC6FF44291E71D0000889F8 /* UIImage+TestHelpers.swift */,
			);
			path = Helpers;
			sourceTree = "<group>";
		};
		CDD450B0289D3EF80064910E /* Feed Cache */ = {
			isa = PBXGroup;
			children = (
				CD52C78F28A5AD8C004CEF61 /* Helper */,
				CDD450B1289D3F220064910E /* CacheFeedUseCaseTests.swift */,
				CD52C78D28A5A117004CEF61 /* LoadFeedFromCacheUseCaseTests.swift */,
				CD78BDA328AF990700D179FE /* ValidateCacheFeedUseCase.swift */,
				CDDAB41A28B6A4DB0063E0A2 /* CodableFeedStoreTests.swift */,
			);
			path = "Feed Cache";
			sourceTree = "<group>";
		};
		CDD450B328A1D4CD0064910E /* Feed Cache */ = {
			isa = PBXGroup;
			children = (
				CDD450B428A1D4E20064910E /* LocalFeedLoader.swift */,
				CDD450B628A1D51F0064910E /* FeedStore.swift */,
				CDD6F1CB28A4356E00BA1F2D /* LocalFeedImage.swift */,
				CD0AE3A728B557EF0090B40E /* CachePolicy.swift */,
				CDDAB42228BB770E0063E0A2 /* CodableFeedStore.swift */,
			);
			path = "Feed Cache";
			sourceTree = "<group>";
		};
		CDD8FD1F294A4DC8007B31C3 /* FeedPresenter */ = {
			isa = PBXGroup;
			children = (
				CD39CD7429390598003381FA /* Feed.strings */,
				CDD8FD20294A4DDA007B31C3 /* FeedLoadingViewModel.swift */,
				CDD8FD23294A4DFA007B31C3 /* FeedLoadingView.swift */,
				CDD8FD25294A4E14007B31C3 /* FeedViewModel.swift */,
				CDD8FD27294A4E44007B31C3 /* FeedView+Protocol.swift */,
				CDD8FD29294A4E6E007B31C3 /* FeedPresenter.swift */,
			);
			path = FeedPresenter;
			sourceTree = "<group>";
		};
		CDD8FD3229511AC2007B31C3 /* Helpers */ = {
			isa = PBXGroup;
			children = (
				CDD8FD3329511ACF007B31C3 /* HTTPClientSpy.swift */,
				CDD8FD3529511AF4007B31C3 /* URLProtocolStub.swift */,
			);
			path = Helpers;
			sourceTree = "<group>";
		};
		CDDA86622899607D00FDCFEC /* Helper */ = {
			isa = PBXGroup;
			children = (
				CDDA8663289960A100FDCFEC /* XCTTestCase+MemoryLeakTracking.swift */,
				CD975A0A28AFB12D0057ADB6 /* TestHelpers.swift */,
			);
			path = Helper;
			sourceTree = "<group>";
		};
		CDDCCC932918077A003F12A3 /* Composers */ = {
			isa = PBXGroup;
			children = (
				CDDCCC942918078A003F12A3 /* FeedUIComposer.swift */,
				CD39CD7A293919FB003381FA /* MainQueueDecorator.swift */,
				CD39CD7C29391A43003381FA /* FeedLoaderPresentationAdaptor.swift */,
				CD39CD7E29391A71003381FA /* FeedAdaptor.swift */,
				CD39CD8029391AB2003381FA /* WeakRefVirtualProxy.swift */,
				CD39CD8229391B0A003381FA /* FeedViewController+Extensions.swift */,
			);
			path = Composers;
			sourceTree = "<group>";
		};
/* End PBXGroup section */

/* Begin PBXHeadersBuildPhase section */
		8DF078812811F28B00C271C4 /* Headers */ = {
			isa = PBXHeadersBuildPhase;
			buildActionMask = 2147483647;
			files = (
				8DF078972811F28C00C271C4 /* EssentialFeed.h in Headers */,
			);
			runOnlyForDeploymentPostprocessing = 0;
		};
		CD3EA03928E6EE9500378AD8 /* Headers */ = {
			isa = PBXHeadersBuildPhase;
			buildActionMask = 2147483647;
			files = (
			);
			runOnlyForDeploymentPostprocessing = 0;
		};
/* End PBXHeadersBuildPhase section */

/* Begin PBXNativeTarget section */
		8DF078852811F28B00C271C4 /* EssentialFeed */ = {
			isa = PBXNativeTarget;
			buildConfigurationList = 8DF0789A2811F28C00C271C4 /* Build configuration list for PBXNativeTarget "EssentialFeed" */;
			buildPhases = (
				8DF078812811F28B00C271C4 /* Headers */,
				8DF078822811F28B00C271C4 /* Sources */,
				8DF078832811F28B00C271C4 /* Frameworks */,
				8DF078842811F28B00C271C4 /* Resources */,
			);
			buildRules = (
			);
			dependencies = (
			);
			name = EssentialFeed;
			productName = EssentialFeed;
			productReference = 8DF078862811F28B00C271C4 /* EssentialFeed.framework */;
			productType = "com.apple.product-type.framework";
		};
		8DF0788F2811F28C00C271C4 /* EssentialFeedTests */ = {
			isa = PBXNativeTarget;
			buildConfigurationList = 8DF0789D2811F28C00C271C4 /* Build configuration list for PBXNativeTarget "EssentialFeedTests" */;
			buildPhases = (
				8DF0788C2811F28C00C271C4 /* Sources */,
				8DF0788D2811F28C00C271C4 /* Frameworks */,
				8DF0788E2811F28C00C271C4 /* Resources */,
			);
			buildRules = (
			);
			dependencies = (
				8DF078932811F28C00C271C4 /* PBXTargetDependency */,
			);
			name = EssentialFeedTests;
			productName = EssentialFeedTests;
			productReference = 8DF078902811F28C00C271C4 /* EssentialFeedTests.xctest */;
			productType = "com.apple.product-type.bundle.unit-test";
		};
		CD3EA03D28E6EE9500378AD8 /* EssentialFeediOS */ = {
			isa = PBXNativeTarget;
			buildConfigurationList = CD3EA04F28E6EE9500378AD8 /* Build configuration list for PBXNativeTarget "EssentialFeediOS" */;
			buildPhases = (
				CD3EA03928E6EE9500378AD8 /* Headers */,
				CD3EA03A28E6EE9500378AD8 /* Sources */,
				CD3EA03B28E6EE9500378AD8 /* Frameworks */,
				CD3EA03C28E6EE9500378AD8 /* Resources */,
				CD3EA05E28E735E200378AD8 /* Embed Frameworks */,
			);
			buildRules = (
			);
			dependencies = (
				CD3EA05D28E735E200378AD8 /* PBXTargetDependency */,
			);
			name = EssentialFeediOS;
			productName = EssentialFeediOS;
			productReference = CD3EA03E28E6EE9500378AD8 /* EssentialFeediOS.framework */;
			productType = "com.apple.product-type.framework";
		};
		CD3EA04628E6EE9500378AD8 /* EssentialFeediOSTests */ = {
			isa = PBXNativeTarget;
			buildConfigurationList = CD3EA05228E6EE9500378AD8 /* Build configuration list for PBXNativeTarget "EssentialFeediOSTests" */;
			buildPhases = (
				CD3EA04328E6EE9500378AD8 /* Sources */,
				CD3EA04428E6EE9500378AD8 /* Frameworks */,
				CD3EA04528E6EE9500378AD8 /* Resources */,
			);
			buildRules = (
			);
			dependencies = (
				CD3EA04A28E6EE9500378AD8 /* PBXTargetDependency */,
			);
			name = EssentialFeediOSTests;
			productName = EssentialFeediOSTests;
			productReference = CD3EA04728E6EE9500378AD8 /* EssentialFeediOSTests.xctest */;
			productType = "com.apple.product-type.bundle.unit-test";
		};
		CD952BC8289ACDE500E33C8A /* EssentialFeedAPIEndToEndTests */ = {
			isa = PBXNativeTarget;
			buildConfigurationList = CD952BD2289ACDE500E33C8A /* Build configuration list for PBXNativeTarget "EssentialFeedAPIEndToEndTests" */;
			buildPhases = (
				CD952BC5289ACDE500E33C8A /* Sources */,
				CD952BC6289ACDE500E33C8A /* Frameworks */,
				CD952BC7289ACDE500E33C8A /* Resources */,
			);
			buildRules = (
			);
			dependencies = (
				CD952BCF289ACDE500E33C8A /* PBXTargetDependency */,
			);
			name = EssentialFeedAPIEndToEndTests;
			productName = EssentialFeedAPIEndToEndTests;
			productReference = CD952BC9289ACDE500E33C8A /* EssentialFeedAPIEndToEndTests.xctest */;
			productType = "com.apple.product-type.bundle.unit-test";
		};
/* End PBXNativeTarget section */

/* Begin PBXProject section */
		8DF0787D2811F28B00C271C4 /* Project object */ = {
			isa = PBXProject;
			attributes = {
				BuildIndependentTargetsInParallel = 1;
				LastSwiftUpdateCheck = 1340;
				LastUpgradeCheck = 1320;
				TargetAttributes = {
					8DF078852811F28B00C271C4 = {
						CreatedOnToolsVersion = 13.2.1;
					};
					8DF0788F2811F28C00C271C4 = {
						CreatedOnToolsVersion = 13.2.1;
						LastSwiftMigration = 1320;
					};
					CD3EA03D28E6EE9500378AD8 = {
						CreatedOnToolsVersion = 13.4.1;
					};
					CD3EA04628E6EE9500378AD8 = {
						CreatedOnToolsVersion = 13.4.1;
						LastSwiftMigration = 1340;
					};
					CD952BC8289ACDE500E33C8A = {
						CreatedOnToolsVersion = 13.4.1;
					};
				};
			};
			buildConfigurationList = 8DF078802811F28B00C271C4 /* Build configuration list for PBXProject "EssentialFeed" */;
			compatibilityVersion = "Xcode 13.0";
			developmentRegion = en;
			hasScannedForEncodings = 0;
			knownRegions = (
				en,
				Base,
				nl,
			);
			mainGroup = 8DF0787C2811F28B00C271C4;
			productRefGroup = 8DF078872811F28B00C271C4 /* Products */;
			projectDirPath = "";
			projectRoot = "";
			targets = (
				8DF078852811F28B00C271C4 /* EssentialFeed */,
				8DF0788F2811F28C00C271C4 /* EssentialFeedTests */,
				CD952BC8289ACDE500E33C8A /* EssentialFeedAPIEndToEndTests */,
				CD3EA03D28E6EE9500378AD8 /* EssentialFeediOS */,
				CD3EA04628E6EE9500378AD8 /* EssentialFeediOSTests */,
			);
		};
/* End PBXProject section */

/* Begin PBXResourcesBuildPhase section */
		8DF078842811F28B00C271C4 /* Resources */ = {
			isa = PBXResourcesBuildPhase;
			buildActionMask = 2147483647;
			files = (
				CDD8FD2D294A50DC007B31C3 /* Feed.strings in Resources */,
			);
			runOnlyForDeploymentPostprocessing = 0;
		};
		8DF0788E2811F28C00C271C4 /* Resources */ = {
			isa = PBXResourcesBuildPhase;
			buildActionMask = 2147483647;
			files = (
			);
			runOnlyForDeploymentPostprocessing = 0;
		};
		CD3EA03C28E6EE9500378AD8 /* Resources */ = {
			isa = PBXResourcesBuildPhase;
			buildActionMask = 2147483647;
			files = (
				CD39CD6429363061003381FA /* Feed.storyboard in Resources */,
				CD39CD66293631D6003381FA /* Feed.xcassets in Resources */,
			);
			runOnlyForDeploymentPostprocessing = 0;
		};
		CD3EA04528E6EE9500378AD8 /* Resources */ = {
			isa = PBXResourcesBuildPhase;
			buildActionMask = 2147483647;
			files = (
			);
			runOnlyForDeploymentPostprocessing = 0;
		};
		CD952BC7289ACDE500E33C8A /* Resources */ = {
			isa = PBXResourcesBuildPhase;
			buildActionMask = 2147483647;
			files = (
			);
			runOnlyForDeploymentPostprocessing = 0;
		};
/* End PBXResourcesBuildPhase section */

/* Begin PBXSourcesBuildPhase section */
		8DF078822811F28B00C271C4 /* Sources */ = {
			isa = PBXSourcesBuildPhase;
			buildActionMask = 2147483647;
			files = (
				CDD8FD26294A4E14007B31C3 /* FeedViewModel.swift in Sources */,
				CDD6F1CC28A4356E00BA1F2D /* LocalFeedImage.swift in Sources */,
				CDD8FD2F29511873007B31C3 /* HTTPURLResponse+StatusCode.swift in Sources */,
				CDD450B728A1D51F0064910E /* FeedStore.swift in Sources */,
				CDDA86662899DBEF00FDCFEC /* URLSessionHTTPClient.swift in Sources */,
				8D8FA4FD2815DB1900774461 /* RemoteFeedLoader.swift in Sources */,
				CD5644512894AA8600B6A273 /* HTTPClient.swift in Sources */,
				8DF078A32811F37100C271C4 /* FeedLoader.swift in Sources */,
				CD5644532894AB3200B6A273 /* FeedItemMapper.swift in Sources */,
				CDD8FD28294A4E44007B31C3 /* FeedView+Protocol.swift in Sources */,
				CDD6F1CA28A4351F00BA1F2D /* RemoteFeedItem.swift in Sources */,
				CDD8FD21294A4DDA007B31C3 /* FeedLoadingViewModel.swift in Sources */,
				CDD8FD31295118BF007B31C3 /* RemoteFeedImageDataLoader.swift in Sources */,
				CD0AE3A828B557EF0090B40E /* CachePolicy.swift in Sources */,
				8DF078A12811F2D900C271C4 /* FeedImage.swift in Sources */,
				CDDAB42328BB770E0063E0A2 /* CodableFeedStore.swift in Sources */,
				CDD450B528A1D4E20064910E /* LocalFeedLoader.swift in Sources */,
				CDD8FD24294A4DFA007B31C3 /* FeedLoadingView.swift in Sources */,
				CDD8FD1E294A4BF9007B31C3 /* FeedImageLoader.swift in Sources */,
				CDD8FD2A294A4E6E007B31C3 /* FeedPresenter.swift in Sources */,
				8DF0788B2811F28B00C271C4 /* EssentialFeed.docc in Sources */,
			);
			runOnlyForDeploymentPostprocessing = 0;
		};
		8DF0788C2811F28C00C271C4 /* Sources */ = {
			isa = PBXSourcesBuildPhase;
			buildActionMask = 2147483647;
			files = (
				CDD8FD3429511ACF007B31C3 /* HTTPClientSpy.swift in Sources */,
				CDD8FD3629511AF4007B31C3 /* URLProtocolStub.swift in Sources */,
				CDDAB41B28B6A4DB0063E0A2 /* CodableFeedStoreTests.swift in Sources */,
				8DF078A62811F4F800C271C4 /* RemoteFeedLoaderTest.swift in Sources */,
				CDD8FD3829511C60007B31C3 /* LoadFeedImageDataFromRemoteUseCaseTests.swift in Sources */,
				CDD8FD2B294A508C007B31C3 /* FeedLocalizationTests.swift in Sources */,
				CDDA8664289960A100FDCFEC /* XCTTestCase+MemoryLeakTracking.swift in Sources */,
				CD975A0D28AFB1C10057ADB6 /* CacheTestHelpers.swift in Sources */,
				CD52C79128A5AD9E004CEF61 /* FeedStoreSpy.swift in Sources */,
				CD78BDA428AF990800D179FE /* ValidateCacheFeedUseCase.swift in Sources */,
				CDD450B2289D3F220064910E /* CacheFeedUseCaseTests.swift in Sources */,
				CD891B60293CD2A4007FFED5 /* FeedPresenterTests.swift in Sources */,
				CD52C78E28A5A117004CEF61 /* LoadFeedFromCacheUseCaseTests.swift in Sources */,
				CD5644562895511100B6A273 /* URLSessionHTTPClientTests.swift in Sources */,
				CD975A0B28AFB12D0057ADB6 /* TestHelpers.swift in Sources */,
			);
			runOnlyForDeploymentPostprocessing = 0;
		};
		CD3EA03A28E6EE9500378AD8 /* Sources */ = {
			isa = PBXSourcesBuildPhase;
			buildActionMask = 2147483647;
			files = (
				CD6CE9B728F2BC1F00A7D915 /* FeedViewController.swift in Sources */,
				CD40569E2909787B00CF41E5 /* FeedImageCell.swift in Sources */,
				CD39CD8329391B0A003381FA /* FeedViewController+Extensions.swift in Sources */,
				CD3EA04228E6EE9500378AD8 /* EssentialFeediOS.docc in Sources */,
				CDC6FF42291E6A28000889F8 /* FeedImageViewModel.swift in Sources */,
				CD39CD7B293919FB003381FA /* MainQueueDecorator.swift in Sources */,
				CD39CD7D29391A43003381FA /* FeedLoaderPresentationAdaptor.swift in Sources */,
				CDDCCC922917FF13003F12A3 /* FeedImageCellController.swift in Sources */,
				CDDCCC952918078A003F12A3 /* FeedUIComposer.swift in Sources */,
				CD39CD8129391AB2003381FA /* WeakRefVirtualProxy.swift in Sources */,
				CD39CD7F29391A71003381FA /* FeedAdaptor.swift in Sources */,
			);
			runOnlyForDeploymentPostprocessing = 0;
		};
		CD3EA04328E6EE9500378AD8 /* Sources */ = {
			isa = PBXSourcesBuildPhase;
			buildActionMask = 2147483647;
			files = (
				CD6E030428F2AEFC00B28713 /* XCTTestCase+MemoryLeakTracking.swift in Sources */,
				CD3EA05828E7329B00378AD8 /* FeedUIIntegrationTests.swift in Sources */,
				CDC6FF45291E71D1000889F8 /* UIImage+TestHelpers.swift in Sources */,
				CD39CD6F2937FFD2003381FA /* FeedViewControllerTests+TestHelpers.swift in Sources */,
				CD39CD6D2937FF60003381FA /* LoaderSpy.swift in Sources */,
				CD39CD6B2937FEE6003381FA /* FeedViewController+TestHelpers.swift in Sources */,
				CD39CD692937FCEE003381FA /* FeedImageCell+TestHelpers.swift in Sources */,
			);
			runOnlyForDeploymentPostprocessing = 0;
		};
		CD952BC5289ACDE500E33C8A /* Sources */ = {
			isa = PBXSourcesBuildPhase;
			buildActionMask = 2147483647;
			files = (
				CD952BD3289AD19C00E33C8A /* XCTTestCase+MemoryLeakTracking.swift in Sources */,
				CD952BCC289ACDE500E33C8A /* EssentialFeedAPIEndToEndTests.swift in Sources */,
			);
			runOnlyForDeploymentPostprocessing = 0;
		};
/* End PBXSourcesBuildPhase section */

/* Begin PBXTargetDependency section */
		8DF078932811F28C00C271C4 /* PBXTargetDependency */ = {
			isa = PBXTargetDependency;
			target = 8DF078852811F28B00C271C4 /* EssentialFeed */;
			targetProxy = 8DF078922811F28C00C271C4 /* PBXContainerItemProxy */;
		};
		CD3EA04A28E6EE9500378AD8 /* PBXTargetDependency */ = {
			isa = PBXTargetDependency;
			target = CD3EA03D28E6EE9500378AD8 /* EssentialFeediOS */;
			targetProxy = CD3EA04928E6EE9500378AD8 /* PBXContainerItemProxy */;
		};
		CD3EA05D28E735E200378AD8 /* PBXTargetDependency */ = {
			isa = PBXTargetDependency;
			platformFilter = ios;
			target = 8DF078852811F28B00C271C4 /* EssentialFeed */;
			targetProxy = CD3EA05C28E735E200378AD8 /* PBXContainerItemProxy */;
		};
		CD952BCF289ACDE500E33C8A /* PBXTargetDependency */ = {
			isa = PBXTargetDependency;
			target = 8DF078852811F28B00C271C4 /* EssentialFeed */;
			targetProxy = CD952BCE289ACDE500E33C8A /* PBXContainerItemProxy */;
		};
/* End PBXTargetDependency section */

/* Begin PBXVariantGroup section */
		CD39CD7429390598003381FA /* Feed.strings */ = {
			isa = PBXVariantGroup;
			children = (
				CD39CD7329390598003381FA /* en */,
				CD39CD7529390638003381FA /* nl */,
			);
			name = Feed.strings;
			sourceTree = "<group>";
		};
/* End PBXVariantGroup section */

/* Begin XCBuildConfiguration section */
		8DF078982811F28C00C271C4 /* Debug */ = {
			isa = XCBuildConfiguration;
			buildSettings = {
				ALWAYS_SEARCH_USER_PATHS = NO;
				CLANG_ANALYZER_LOCALIZABILITY_NONLOCALIZED = YES;
				CLANG_ANALYZER_NONNULL = YES;
				CLANG_ANALYZER_NUMBER_OBJECT_CONVERSION = YES_AGGRESSIVE;
				CLANG_CXX_LANGUAGE_STANDARD = "gnu++17";
				CLANG_CXX_LIBRARY = "libc++";
				CLANG_ENABLE_MODULES = YES;
				CLANG_ENABLE_OBJC_ARC = YES;
				CLANG_ENABLE_OBJC_WEAK = YES;
				CLANG_WARN_BLOCK_CAPTURE_AUTORELEASING = YES;
				CLANG_WARN_BOOL_CONVERSION = YES;
				CLANG_WARN_COMMA = YES;
				CLANG_WARN_CONSTANT_CONVERSION = YES;
				CLANG_WARN_DEPRECATED_OBJC_IMPLEMENTATIONS = YES;
				CLANG_WARN_DIRECT_OBJC_ISA_USAGE = YES_ERROR;
				CLANG_WARN_DOCUMENTATION_COMMENTS = YES;
				CLANG_WARN_EMPTY_BODY = YES;
				CLANG_WARN_ENUM_CONVERSION = YES;
				CLANG_WARN_INFINITE_RECURSION = YES;
				CLANG_WARN_INT_CONVERSION = YES;
				CLANG_WARN_NON_LITERAL_NULL_CONVERSION = YES;
				CLANG_WARN_OBJC_IMPLICIT_RETAIN_SELF = YES;
				CLANG_WARN_OBJC_LITERAL_CONVERSION = YES;
				CLANG_WARN_OBJC_ROOT_CLASS = YES_ERROR;
				CLANG_WARN_QUOTED_INCLUDE_IN_FRAMEWORK_HEADER = YES;
				CLANG_WARN_RANGE_LOOP_ANALYSIS = YES;
				CLANG_WARN_STRICT_PROTOTYPES = YES;
				CLANG_WARN_SUSPICIOUS_MOVE = YES;
				CLANG_WARN_UNGUARDED_AVAILABILITY = YES_AGGRESSIVE;
				CLANG_WARN_UNREACHABLE_CODE = YES;
				CLANG_WARN__DUPLICATE_METHOD_MATCH = YES;
				COPY_PHASE_STRIP = NO;
				CURRENT_PROJECT_VERSION = 1;
				DEBUG_INFORMATION_FORMAT = dwarf;
				ENABLE_STRICT_OBJC_MSGSEND = YES;
				ENABLE_TESTABILITY = YES;
				GCC_C_LANGUAGE_STANDARD = gnu11;
				GCC_DYNAMIC_NO_PIC = NO;
				GCC_NO_COMMON_BLOCKS = YES;
				GCC_OPTIMIZATION_LEVEL = 0;
				GCC_PREPROCESSOR_DEFINITIONS = (
					"DEBUG=1",
					"$(inherited)",
				);
				GCC_WARN_64_TO_32_BIT_CONVERSION = YES;
				GCC_WARN_ABOUT_RETURN_TYPE = YES_ERROR;
				GCC_WARN_UNDECLARED_SELECTOR = YES;
				GCC_WARN_UNINITIALIZED_AUTOS = YES_AGGRESSIVE;
				GCC_WARN_UNUSED_FUNCTION = YES;
				GCC_WARN_UNUSED_VARIABLE = YES;
				MACOSX_DEPLOYMENT_TARGET = 11.6;
				MTL_ENABLE_DEBUG_INFO = INCLUDE_SOURCE;
				MTL_FAST_MATH = YES;
				ONLY_ACTIVE_ARCH = YES;
				SDKROOT = macosx;
				SWIFT_ACTIVE_COMPILATION_CONDITIONS = DEBUG;
				SWIFT_OPTIMIZATION_LEVEL = "-Onone";
				VERSIONING_SYSTEM = "apple-generic";
				VERSION_INFO_PREFIX = "";
			};
			name = Debug;
		};
		8DF078992811F28C00C271C4 /* Release */ = {
			isa = XCBuildConfiguration;
			buildSettings = {
				ALWAYS_SEARCH_USER_PATHS = NO;
				CLANG_ANALYZER_LOCALIZABILITY_NONLOCALIZED = YES;
				CLANG_ANALYZER_NONNULL = YES;
				CLANG_ANALYZER_NUMBER_OBJECT_CONVERSION = YES_AGGRESSIVE;
				CLANG_CXX_LANGUAGE_STANDARD = "gnu++17";
				CLANG_CXX_LIBRARY = "libc++";
				CLANG_ENABLE_MODULES = YES;
				CLANG_ENABLE_OBJC_ARC = YES;
				CLANG_ENABLE_OBJC_WEAK = YES;
				CLANG_WARN_BLOCK_CAPTURE_AUTORELEASING = YES;
				CLANG_WARN_BOOL_CONVERSION = YES;
				CLANG_WARN_COMMA = YES;
				CLANG_WARN_CONSTANT_CONVERSION = YES;
				CLANG_WARN_DEPRECATED_OBJC_IMPLEMENTATIONS = YES;
				CLANG_WARN_DIRECT_OBJC_ISA_USAGE = YES_ERROR;
				CLANG_WARN_DOCUMENTATION_COMMENTS = YES;
				CLANG_WARN_EMPTY_BODY = YES;
				CLANG_WARN_ENUM_CONVERSION = YES;
				CLANG_WARN_INFINITE_RECURSION = YES;
				CLANG_WARN_INT_CONVERSION = YES;
				CLANG_WARN_NON_LITERAL_NULL_CONVERSION = YES;
				CLANG_WARN_OBJC_IMPLICIT_RETAIN_SELF = YES;
				CLANG_WARN_OBJC_LITERAL_CONVERSION = YES;
				CLANG_WARN_OBJC_ROOT_CLASS = YES_ERROR;
				CLANG_WARN_QUOTED_INCLUDE_IN_FRAMEWORK_HEADER = YES;
				CLANG_WARN_RANGE_LOOP_ANALYSIS = YES;
				CLANG_WARN_STRICT_PROTOTYPES = YES;
				CLANG_WARN_SUSPICIOUS_MOVE = YES;
				CLANG_WARN_UNGUARDED_AVAILABILITY = YES_AGGRESSIVE;
				CLANG_WARN_UNREACHABLE_CODE = YES;
				CLANG_WARN__DUPLICATE_METHOD_MATCH = YES;
				COPY_PHASE_STRIP = NO;
				CURRENT_PROJECT_VERSION = 1;
				DEBUG_INFORMATION_FORMAT = "dwarf-with-dsym";
				ENABLE_NS_ASSERTIONS = NO;
				ENABLE_STRICT_OBJC_MSGSEND = YES;
				GCC_C_LANGUAGE_STANDARD = gnu11;
				GCC_NO_COMMON_BLOCKS = YES;
				GCC_WARN_64_TO_32_BIT_CONVERSION = YES;
				GCC_WARN_ABOUT_RETURN_TYPE = YES_ERROR;
				GCC_WARN_UNDECLARED_SELECTOR = YES;
				GCC_WARN_UNINITIALIZED_AUTOS = YES_AGGRESSIVE;
				GCC_WARN_UNUSED_FUNCTION = YES;
				GCC_WARN_UNUSED_VARIABLE = YES;
				MACOSX_DEPLOYMENT_TARGET = 11.6;
				MTL_ENABLE_DEBUG_INFO = NO;
				MTL_FAST_MATH = YES;
				SDKROOT = macosx;
				SWIFT_COMPILATION_MODE = wholemodule;
				SWIFT_OPTIMIZATION_LEVEL = "-O";
				VERSIONING_SYSTEM = "apple-generic";
				VERSION_INFO_PREFIX = "";
			};
			name = Release;
		};
		8DF0789B2811F28C00C271C4 /* Debug */ = {
			isa = XCBuildConfiguration;
			buildSettings = {
				CODE_SIGN_STYLE = Automatic;
				COMBINE_HIDPI_IMAGES = YES;
				CURRENT_PROJECT_VERSION = 1;
				DEFINES_MODULE = YES;
				DYLIB_COMPATIBILITY_VERSION = 1;
				DYLIB_CURRENT_VERSION = 1;
				DYLIB_INSTALL_NAME_BASE = "@rpath";
				GENERATE_INFOPLIST_FILE = YES;
				INFOPLIST_KEY_NSHumanReadableCopyright = "";
				INSTALL_PATH = "$(LOCAL_LIBRARY_DIR)/Frameworks";
				IPHONEOS_DEPLOYMENT_TARGET = 15.5;
				LD_RUNPATH_SEARCH_PATHS = (
					"$(inherited)",
					"@executable_path/../Frameworks",
					"@loader_path/Frameworks",
				);
				MARKETING_VERSION = 1.0;
				PRODUCT_BUNDLE_IDENTIFIER = com.amir.ios.EssentialFeed;
				PRODUCT_NAME = "$(TARGET_NAME:c99extidentifier)";
				SKIP_INSTALL = YES;
				SUPPORTED_PLATFORMS = "macosx iphoneos iphonesimulator";
				SWIFT_EMIT_LOC_STRINGS = YES;
				SWIFT_VERSION = 5.0;
			};
			name = Debug;
		};
		8DF0789C2811F28C00C271C4 /* Release */ = {
			isa = XCBuildConfiguration;
			buildSettings = {
				CODE_SIGN_STYLE = Automatic;
				COMBINE_HIDPI_IMAGES = YES;
				CURRENT_PROJECT_VERSION = 1;
				DEFINES_MODULE = YES;
				DYLIB_COMPATIBILITY_VERSION = 1;
				DYLIB_CURRENT_VERSION = 1;
				DYLIB_INSTALL_NAME_BASE = "@rpath";
				GENERATE_INFOPLIST_FILE = YES;
				INFOPLIST_KEY_NSHumanReadableCopyright = "";
				INSTALL_PATH = "$(LOCAL_LIBRARY_DIR)/Frameworks";
				IPHONEOS_DEPLOYMENT_TARGET = 15.5;
				LD_RUNPATH_SEARCH_PATHS = (
					"$(inherited)",
					"@executable_path/../Frameworks",
					"@loader_path/Frameworks",
				);
				MARKETING_VERSION = 1.0;
				PRODUCT_BUNDLE_IDENTIFIER = com.amir.ios.EssentialFeed;
				PRODUCT_NAME = "$(TARGET_NAME:c99extidentifier)";
				SKIP_INSTALL = YES;
				SUPPORTED_PLATFORMS = "macosx iphoneos iphonesimulator";
				SWIFT_EMIT_LOC_STRINGS = YES;
				SWIFT_VERSION = 5.0;
			};
			name = Release;
		};
		8DF0789E2811F28C00C271C4 /* Debug */ = {
			isa = XCBuildConfiguration;
			buildSettings = {
				ALWAYS_EMBED_SWIFT_STANDARD_LIBRARIES = YES;
				CLANG_ENABLE_MODULES = YES;
				CODE_SIGN_STYLE = Automatic;
				CURRENT_PROJECT_VERSION = 1;
				GENERATE_INFOPLIST_FILE = YES;
				LD_RUNPATH_SEARCH_PATHS = (
					"$(inherited)",
					"@executable_path/../Frameworks",
					"@loader_path/../Frameworks",
				);
				MARKETING_VERSION = 1.0;
				PRODUCT_BUNDLE_IDENTIFIER = com.amir.ios.EssentialFeedTests;
				PRODUCT_NAME = "$(TARGET_NAME)";
				SUPPORTED_PLATFORMS = "macosx iphoneos iphonesimulator";
				SWIFT_EMIT_LOC_STRINGS = NO;
				SWIFT_OBJC_BRIDGING_HEADER = "EssentialFeedTests/EssentialFeedTests-Bridging-Header.h";
				SWIFT_OPTIMIZATION_LEVEL = "-Onone";
				SWIFT_VERSION = 5.0;
			};
			name = Debug;
		};
		8DF0789F2811F28C00C271C4 /* Release */ = {
			isa = XCBuildConfiguration;
			buildSettings = {
				ALWAYS_EMBED_SWIFT_STANDARD_LIBRARIES = YES;
				CLANG_ENABLE_MODULES = YES;
				CODE_SIGN_STYLE = Automatic;
				CURRENT_PROJECT_VERSION = 1;
				GENERATE_INFOPLIST_FILE = YES;
				LD_RUNPATH_SEARCH_PATHS = (
					"$(inherited)",
					"@executable_path/../Frameworks",
					"@loader_path/../Frameworks",
				);
				MARKETING_VERSION = 1.0;
				PRODUCT_BUNDLE_IDENTIFIER = com.amir.ios.EssentialFeedTests;
				PRODUCT_NAME = "$(TARGET_NAME)";
				SUPPORTED_PLATFORMS = "macosx iphoneos iphonesimulator";
				SWIFT_EMIT_LOC_STRINGS = NO;
				SWIFT_OBJC_BRIDGING_HEADER = "EssentialFeedTests/EssentialFeedTests-Bridging-Header.h";
				SWIFT_VERSION = 5.0;
			};
			name = Release;
		};
		CD3EA05028E6EE9500378AD8 /* Debug */ = {
			isa = XCBuildConfiguration;
			buildSettings = {
				CODE_SIGN_IDENTITY = "Apple Development";
				CODE_SIGN_STYLE = Automatic;
				CURRENT_PROJECT_VERSION = 1;
				DEFINES_MODULE = YES;
				DEVELOPMENT_TEAM = WUQEBT7FU5;
				DYLIB_COMPATIBILITY_VERSION = 1;
				DYLIB_CURRENT_VERSION = 1;
				DYLIB_INSTALL_NAME_BASE = "@rpath";
				GENERATE_INFOPLIST_FILE = YES;
				INFOPLIST_KEY_NSHumanReadableCopyright = "";
				INSTALL_PATH = "$(LOCAL_LIBRARY_DIR)/Frameworks";
				IPHONEOS_DEPLOYMENT_TARGET = 15.5;
				LD_RUNPATH_SEARCH_PATHS = (
					"$(inherited)",
					"@executable_path/Frameworks",
					"@loader_path/Frameworks",
				);
				MARKETING_VERSION = 1.0;
				PRODUCT_BUNDLE_IDENTIFIER = com.test.EssentialFeediOS;
				PRODUCT_NAME = "$(TARGET_NAME:c99extidentifier)";
				SDKROOT = iphoneos;
				SKIP_INSTALL = YES;
				SWIFT_EMIT_LOC_STRINGS = YES;
				SWIFT_VERSION = 5.0;
				TARGETED_DEVICE_FAMILY = "1,2";
			};
			name = Debug;
		};
		CD3EA05128E6EE9500378AD8 /* Release */ = {
			isa = XCBuildConfiguration;
			buildSettings = {
				CODE_SIGN_IDENTITY = "Apple Development";
				CODE_SIGN_STYLE = Automatic;
				CURRENT_PROJECT_VERSION = 1;
				DEFINES_MODULE = YES;
				DEVELOPMENT_TEAM = WUQEBT7FU5;
				DYLIB_COMPATIBILITY_VERSION = 1;
				DYLIB_CURRENT_VERSION = 1;
				DYLIB_INSTALL_NAME_BASE = "@rpath";
				GENERATE_INFOPLIST_FILE = YES;
				INFOPLIST_KEY_NSHumanReadableCopyright = "";
				INSTALL_PATH = "$(LOCAL_LIBRARY_DIR)/Frameworks";
				IPHONEOS_DEPLOYMENT_TARGET = 15.5;
				LD_RUNPATH_SEARCH_PATHS = (
					"$(inherited)",
					"@executable_path/Frameworks",
					"@loader_path/Frameworks",
				);
				MARKETING_VERSION = 1.0;
				PRODUCT_BUNDLE_IDENTIFIER = com.test.EssentialFeediOS;
				PRODUCT_NAME = "$(TARGET_NAME:c99extidentifier)";
				SDKROOT = iphoneos;
				SKIP_INSTALL = YES;
				SWIFT_EMIT_LOC_STRINGS = YES;
				SWIFT_VERSION = 5.0;
				TARGETED_DEVICE_FAMILY = "1,2";
				VALIDATE_PRODUCT = YES;
			};
			name = Release;
		};
		CD3EA05328E6EE9500378AD8 /* Debug */ = {
			isa = XCBuildConfiguration;
			buildSettings = {
				ALWAYS_EMBED_SWIFT_STANDARD_LIBRARIES = YES;
				CLANG_ENABLE_MODULES = YES;
				CODE_SIGN_STYLE = Automatic;
				CURRENT_PROJECT_VERSION = 1;
				DEVELOPMENT_TEAM = WUQEBT7FU5;
				GENERATE_INFOPLIST_FILE = YES;
				IPHONEOS_DEPLOYMENT_TARGET = 15.5;
				LD_RUNPATH_SEARCH_PATHS = (
					"$(inherited)",
					"@executable_path/Frameworks",
					"@loader_path/Frameworks",
				);
				MARKETING_VERSION = 1.0;
				PRODUCT_BUNDLE_IDENTIFIER = com.test.EssentialFeediOSTests;
				PRODUCT_NAME = "$(TARGET_NAME)";
				SDKROOT = iphoneos;
				SWIFT_EMIT_LOC_STRINGS = NO;
				SWIFT_OPTIMIZATION_LEVEL = "-Onone";
				SWIFT_VERSION = 5.0;
				TARGETED_DEVICE_FAMILY = "1,2";
			};
			name = Debug;
		};
		CD3EA05428E6EE9500378AD8 /* Release */ = {
			isa = XCBuildConfiguration;
			buildSettings = {
				ALWAYS_EMBED_SWIFT_STANDARD_LIBRARIES = YES;
				CLANG_ENABLE_MODULES = YES;
				CODE_SIGN_STYLE = Automatic;
				CURRENT_PROJECT_VERSION = 1;
				DEVELOPMENT_TEAM = WUQEBT7FU5;
				GENERATE_INFOPLIST_FILE = YES;
				IPHONEOS_DEPLOYMENT_TARGET = 15.5;
				LD_RUNPATH_SEARCH_PATHS = (
					"$(inherited)",
					"@executable_path/Frameworks",
					"@loader_path/Frameworks",
				);
				MARKETING_VERSION = 1.0;
				PRODUCT_BUNDLE_IDENTIFIER = com.test.EssentialFeediOSTests;
				PRODUCT_NAME = "$(TARGET_NAME)";
				SDKROOT = iphoneos;
				SWIFT_EMIT_LOC_STRINGS = NO;
				SWIFT_VERSION = 5.0;
				TARGETED_DEVICE_FAMILY = "1,2";
				VALIDATE_PRODUCT = YES;
			};
			name = Release;
		};
		CD952BD0289ACDE500E33C8A /* Debug */ = {
			isa = XCBuildConfiguration;
			buildSettings = {
				CODE_SIGN_STYLE = Automatic;
				CURRENT_PROJECT_VERSION = 1;
				GENERATE_INFOPLIST_FILE = YES;
				MACOSX_DEPLOYMENT_TARGET = 12.3;
				MARKETING_VERSION = 1.0;
				PRODUCT_BUNDLE_IDENTIFIER = com.test.EssentialFeedAPIEndToEndTests;
				PRODUCT_NAME = "$(TARGET_NAME)";
				SUPPORTED_PLATFORMS = "macosx iphoneos iphonesimulator";
				SWIFT_EMIT_LOC_STRINGS = NO;
				SWIFT_VERSION = 5.0;
			};
			name = Debug;
		};
		CD952BD1289ACDE500E33C8A /* Release */ = {
			isa = XCBuildConfiguration;
			buildSettings = {
				CODE_SIGN_STYLE = Automatic;
				CURRENT_PROJECT_VERSION = 1;
				GENERATE_INFOPLIST_FILE = YES;
				MACOSX_DEPLOYMENT_TARGET = 12.3;
				MARKETING_VERSION = 1.0;
				PRODUCT_BUNDLE_IDENTIFIER = com.test.EssentialFeedAPIEndToEndTests;
				PRODUCT_NAME = "$(TARGET_NAME)";
				SUPPORTED_PLATFORMS = "macosx iphoneos iphonesimulator";
				SWIFT_EMIT_LOC_STRINGS = NO;
				SWIFT_VERSION = 5.0;
			};
			name = Release;
		};
/* End XCBuildConfiguration section */

/* Begin XCConfigurationList section */
		8DF078802811F28B00C271C4 /* Build configuration list for PBXProject "EssentialFeed" */ = {
			isa = XCConfigurationList;
			buildConfigurations = (
				8DF078982811F28C00C271C4 /* Debug */,
				8DF078992811F28C00C271C4 /* Release */,
			);
			defaultConfigurationIsVisible = 0;
			defaultConfigurationName = Release;
		};
		8DF0789A2811F28C00C271C4 /* Build configuration list for PBXNativeTarget "EssentialFeed" */ = {
			isa = XCConfigurationList;
			buildConfigurations = (
				8DF0789B2811F28C00C271C4 /* Debug */,
				8DF0789C2811F28C00C271C4 /* Release */,
			);
			defaultConfigurationIsVisible = 0;
			defaultConfigurationName = Release;
		};
		8DF0789D2811F28C00C271C4 /* Build configuration list for PBXNativeTarget "EssentialFeedTests" */ = {
			isa = XCConfigurationList;
			buildConfigurations = (
				8DF0789E2811F28C00C271C4 /* Debug */,
				8DF0789F2811F28C00C271C4 /* Release */,
			);
			defaultConfigurationIsVisible = 0;
			defaultConfigurationName = Release;
		};
		CD3EA04F28E6EE9500378AD8 /* Build configuration list for PBXNativeTarget "EssentialFeediOS" */ = {
			isa = XCConfigurationList;
			buildConfigurations = (
				CD3EA05028E6EE9500378AD8 /* Debug */,
				CD3EA05128E6EE9500378AD8 /* Release */,
			);
			defaultConfigurationIsVisible = 0;
			defaultConfigurationName = Release;
		};
		CD3EA05228E6EE9500378AD8 /* Build configuration list for PBXNativeTarget "EssentialFeediOSTests" */ = {
			isa = XCConfigurationList;
			buildConfigurations = (
				CD3EA05328E6EE9500378AD8 /* Debug */,
				CD3EA05428E6EE9500378AD8 /* Release */,
			);
			defaultConfigurationIsVisible = 0;
			defaultConfigurationName = Release;
		};
		CD952BD2289ACDE500E33C8A /* Build configuration list for PBXNativeTarget "EssentialFeedAPIEndToEndTests" */ = {
			isa = XCConfigurationList;
			buildConfigurations = (
				CD952BD0289ACDE500E33C8A /* Debug */,
				CD952BD1289ACDE500E33C8A /* Release */,
			);
			defaultConfigurationIsVisible = 0;
			defaultConfigurationName = Release;
		};
/* End XCConfigurationList section */
	};
	rootObject = 8DF0787D2811F28B00C271C4 /* Project object */;
}
