// !$*UTF8*$!
{
	archiveVersion = 1;
	classes = {
	};
	objectVersion = 56;
	objects = {

/* Begin PBXBuildFile section */
		CD21584E295F99CE004614CB /* FeedLoaderCacheDecoratorTests.swift in Sources */ = {isa = PBXBuildFile; fileRef = CD21584D295F99CE004614CB /* FeedLoaderCacheDecoratorTests.swift */; };
		CD215851295F9CA6004614CB /* FeedLoaderStub.swift in Sources */ = {isa = PBXBuildFile; fileRef = CD215850295F9CA6004614CB /* FeedLoaderStub.swift */; };
		CD215853295F9D4B004614CB /* SharedTestHelpers.swift in Sources */ = {isa = PBXBuildFile; fileRef = CD215852295F9D4B004614CB /* SharedTestHelpers.swift */; };
		CD215855295F9ED8004614CB /* XCTestCase+FeedLoader.swift in Sources */ = {isa = PBXBuildFile; fileRef = CD215854295F9ED8004614CB /* XCTestCase+FeedLoader.swift */; };
		CD21585B295FA882004614CB /* FeedLoaderCacheDecorator.swift in Sources */ = {isa = PBXBuildFile; fileRef = CD21585A295FA882004614CB /* FeedLoaderCacheDecorator.swift */; };
		CD215863295FAF7D004614CB /* EssentialAppUIAcceptanceTests.swift in Sources */ = {isa = PBXBuildFile; fileRef = CD215862295FAF7D004614CB /* EssentialAppUIAcceptanceTests.swift */; };
		CD63F6B82953C36A0052D166 /* FeedLoaderWithFallbackCompositTests.swift in Sources */ = {isa = PBXBuildFile; fileRef = CD63F6B72953C36A0052D166 /* FeedLoaderWithFallbackCompositTests.swift */; };
		CD63F6BD2953CADD0052D166 /* TestHelper+MemoryLeak.swift in Sources */ = {isa = PBXBuildFile; fileRef = CD63F6BC2953CADD0052D166 /* TestHelper+MemoryLeak.swift */; };
		CD63F6BF2953D17B0052D166 /* FeedLoaderWithFallbackComposit.swift in Sources */ = {isa = PBXBuildFile; fileRef = CD63F6BE2953D17B0052D166 /* FeedLoaderWithFallbackComposit.swift */; };
		CDCB196829512DA00046E3D0 /* AppDelegate.swift in Sources */ = {isa = PBXBuildFile; fileRef = CDCB196729512DA00046E3D0 /* AppDelegate.swift */; };
		CDCB196A29512DA00046E3D0 /* SceneDelegate.swift in Sources */ = {isa = PBXBuildFile; fileRef = CDCB196929512DA00046E3D0 /* SceneDelegate.swift */; };
		CDCB196F29512DA00046E3D0 /* Main.storyboard in Resources */ = {isa = PBXBuildFile; fileRef = CDCB196D29512DA00046E3D0 /* Main.storyboard */; };
		CDCB197129512DA20046E3D0 /* Assets.xcassets in Resources */ = {isa = PBXBuildFile; fileRef = CDCB197029512DA20046E3D0 /* Assets.xcassets */; };
		CDCB197429512DA20046E3D0 /* LaunchScreen.storyboard in Resources */ = {isa = PBXBuildFile; fileRef = CDCB197229512DA20046E3D0 /* LaunchScreen.storyboard */; };
		CDCB19A629512DD60046E3D0 /* EssentialFeed.framework in Frameworks */ = {isa = PBXBuildFile; fileRef = CDCB19A429512DD60046E3D0 /* EssentialFeed.framework */; };
		CDCB19A729512DD60046E3D0 /* EssentialFeed.framework in Embed Frameworks */ = {isa = PBXBuildFile; fileRef = CDCB19A429512DD60046E3D0 /* EssentialFeed.framework */; settings = {ATTRIBUTES = (CodeSignOnCopy, RemoveHeadersOnCopy, ); }; };
		CDCB19A829512DD60046E3D0 /* EssentialFeediOS.framework in Frameworks */ = {isa = PBXBuildFile; fileRef = CDCB19A529512DD60046E3D0 /* EssentialFeediOS.framework */; };
		CDCB19A929512DD60046E3D0 /* EssentialFeediOS.framework in Embed Frameworks */ = {isa = PBXBuildFile; fileRef = CDCB19A529512DD60046E3D0 /* EssentialFeediOS.framework */; settings = {ATTRIBUTES = (CodeSignOnCopy, RemoveHeadersOnCopy, ); }; };
/* End PBXBuildFile section */

/* Begin PBXContainerItemProxy section */
		CD215866295FAF7D004614CB /* PBXContainerItemProxy */ = {
			isa = PBXContainerItemProxy;
			containerPortal = CDCB195C29512DA00046E3D0 /* Project object */;
			proxyType = 1;
			remoteGlobalIDString = CDCB196329512DA00046E3D0;
			remoteInfo = EssentialApp;
		};
		CDCB197B29512DA20046E3D0 /* PBXContainerItemProxy */ = {
			isa = PBXContainerItemProxy;
			containerPortal = CDCB195C29512DA00046E3D0 /* Project object */;
			proxyType = 1;
			remoteGlobalIDString = CDCB196329512DA00046E3D0;
			remoteInfo = EssentialApp;
		};
/* End PBXContainerItemProxy section */

/* Begin PBXCopyFilesBuildPhase section */
		CDCB19AA29512DD60046E3D0 /* Embed Frameworks */ = {
			isa = PBXCopyFilesBuildPhase;
			buildActionMask = 2147483647;
			dstPath = "";
			dstSubfolderSpec = 10;
			files = (
				CDCB19A729512DD60046E3D0 /* EssentialFeed.framework in Embed Frameworks */,
				CDCB19A929512DD60046E3D0 /* EssentialFeediOS.framework in Embed Frameworks */,
			);
			name = "Embed Frameworks";
			runOnlyForDeploymentPostprocessing = 0;
		};
/* End PBXCopyFilesBuildPhase section */

/* Begin PBXFileReference section */
		CD21584D295F99CE004614CB /* FeedLoaderCacheDecoratorTests.swift */ = {isa = PBXFileReference; lastKnownFileType = sourcecode.swift; path = FeedLoaderCacheDecoratorTests.swift; sourceTree = "<group>"; };
		CD215850295F9CA6004614CB /* FeedLoaderStub.swift */ = {isa = PBXFileReference; lastKnownFileType = sourcecode.swift; path = FeedLoaderStub.swift; sourceTree = "<group>"; };
		CD215852295F9D4B004614CB /* SharedTestHelpers.swift */ = {isa = PBXFileReference; lastKnownFileType = sourcecode.swift; path = SharedTestHelpers.swift; sourceTree = "<group>"; };
		CD215854295F9ED8004614CB /* XCTestCase+FeedLoader.swift */ = {isa = PBXFileReference; lastKnownFileType = sourcecode.swift; path = "XCTestCase+FeedLoader.swift"; sourceTree = "<group>"; };
		CD21585A295FA882004614CB /* FeedLoaderCacheDecorator.swift */ = {isa = PBXFileReference; lastKnownFileType = sourcecode.swift; path = FeedLoaderCacheDecorator.swift; sourceTree = "<group>"; };
		CD215860295FAF7D004614CB /* EssentialAppUIAcceptanceTests.xctest */ = {isa = PBXFileReference; explicitFileType = wrapper.cfbundle; includeInIndex = 0; path = EssentialAppUIAcceptanceTests.xctest; sourceTree = BUILT_PRODUCTS_DIR; };
		CD215862295FAF7D004614CB /* EssentialAppUIAcceptanceTests.swift */ = {isa = PBXFileReference; lastKnownFileType = sourcecode.swift; path = EssentialAppUIAcceptanceTests.swift; sourceTree = "<group>"; };
		CD63F6B72953C36A0052D166 /* FeedLoaderWithFallbackCompositTests.swift */ = {isa = PBXFileReference; lastKnownFileType = sourcecode.swift; path = FeedLoaderWithFallbackCompositTests.swift; sourceTree = "<group>"; };
		CD63F6BC2953CADD0052D166 /* TestHelper+MemoryLeak.swift */ = {isa = PBXFileReference; lastKnownFileType = sourcecode.swift; path = "TestHelper+MemoryLeak.swift"; sourceTree = "<group>"; };
		CD63F6BE2953D17B0052D166 /* FeedLoaderWithFallbackComposit.swift */ = {isa = PBXFileReference; lastKnownFileType = sourcecode.swift; path = FeedLoaderWithFallbackComposit.swift; sourceTree = "<group>"; };
		CDCB196429512DA00046E3D0 /* EssentialApp.app */ = {isa = PBXFileReference; explicitFileType = wrapper.application; includeInIndex = 0; path = EssentialApp.app; sourceTree = BUILT_PRODUCTS_DIR; };
		CDCB196729512DA00046E3D0 /* AppDelegate.swift */ = {isa = PBXFileReference; lastKnownFileType = sourcecode.swift; path = AppDelegate.swift; sourceTree = "<group>"; };
		CDCB196929512DA00046E3D0 /* SceneDelegate.swift */ = {isa = PBXFileReference; lastKnownFileType = sourcecode.swift; path = SceneDelegate.swift; sourceTree = "<group>"; };
		CDCB196E29512DA00046E3D0 /* Base */ = {isa = PBXFileReference; lastKnownFileType = file.storyboard; name = Base; path = Base.lproj/Main.storyboard; sourceTree = "<group>"; };
		CDCB197029512DA20046E3D0 /* Assets.xcassets */ = {isa = PBXFileReference; lastKnownFileType = folder.assetcatalog; path = Assets.xcassets; sourceTree = "<group>"; };
		CDCB197329512DA20046E3D0 /* Base */ = {isa = PBXFileReference; lastKnownFileType = file.storyboard; name = Base; path = Base.lproj/LaunchScreen.storyboard; sourceTree = "<group>"; };
		CDCB197529512DA20046E3D0 /* Info.plist */ = {isa = PBXFileReference; lastKnownFileType = text.plist.xml; path = Info.plist; sourceTree = "<group>"; };
		CDCB197A29512DA20046E3D0 /* EssentialAppTests.xctest */ = {isa = PBXFileReference; explicitFileType = wrapper.cfbundle; includeInIndex = 0; path = EssentialAppTests.xctest; sourceTree = BUILT_PRODUCTS_DIR; };
		CDCB19A429512DD60046E3D0 /* EssentialFeed.framework */ = {isa = PBXFileReference; explicitFileType = wrapper.framework; path = EssentialFeed.framework; sourceTree = BUILT_PRODUCTS_DIR; };
		CDCB19A529512DD60046E3D0 /* EssentialFeediOS.framework */ = {isa = PBXFileReference; explicitFileType = wrapper.framework; path = EssentialFeediOS.framework; sourceTree = BUILT_PRODUCTS_DIR; };
/* End PBXFileReference section */

/* Begin PBXFrameworksBuildPhase section */
		CD21585D295FAF7D004614CB /* Frameworks */ = {
			isa = PBXFrameworksBuildPhase;
			buildActionMask = 2147483647;
			files = (
			);
			runOnlyForDeploymentPostprocessing = 0;
		};
		CDCB196129512DA00046E3D0 /* Frameworks */ = {
			isa = PBXFrameworksBuildPhase;
			buildActionMask = 2147483647;
			files = (
				CDCB19A629512DD60046E3D0 /* EssentialFeed.framework in Frameworks */,
				CDCB19A829512DD60046E3D0 /* EssentialFeediOS.framework in Frameworks */,
			);
			runOnlyForDeploymentPostprocessing = 0;
		};
		CDCB197729512DA20046E3D0 /* Frameworks */ = {
			isa = PBXFrameworksBuildPhase;
			buildActionMask = 2147483647;
			files = (
			);
			runOnlyForDeploymentPostprocessing = 0;
		};
/* End PBXFrameworksBuildPhase section */

/* Begin PBXGroup section */
		CD21584F295F9C6B004614CB /* Helpers */ = {
			isa = PBXGroup;
			children = (
				CD63F6BC2953CADD0052D166 /* TestHelper+MemoryLeak.swift */,
				CD215850295F9CA6004614CB /* FeedLoaderStub.swift */,
				CD215852295F9D4B004614CB /* SharedTestHelpers.swift */,
				CD215854295F9ED8004614CB /* XCTestCase+FeedLoader.swift */,
			);
			path = Helpers;
			sourceTree = "<group>";
		};
		CD215861295FAF7D004614CB /* EssentialAppUIAcceptanceTests */ = {
			isa = PBXGroup;
			children = (
				CD215862295FAF7D004614CB /* EssentialAppUIAcceptanceTests.swift */,
			);
			path = EssentialAppUIAcceptanceTests;
			sourceTree = "<group>";
		};
		CDCB195B29512DA00046E3D0 = {
			isa = PBXGroup;
			children = (
				CDCB196629512DA00046E3D0 /* EssentialApp */,
				CDCB197D29512DA20046E3D0 /* EssentialAppTests */,
				CD215861295FAF7D004614CB /* EssentialAppUIAcceptanceTests */,
				CDCB196529512DA00046E3D0 /* Products */,
				CDCB19A329512DD60046E3D0 /* Frameworks */,
			);
			sourceTree = "<group>";
		};
		CDCB196529512DA00046E3D0 /* Products */ = {
			isa = PBXGroup;
			children = (
				CDCB196429512DA00046E3D0 /* EssentialApp.app */,
				CDCB197A29512DA20046E3D0 /* EssentialAppTests.xctest */,
				CD215860295FAF7D004614CB /* EssentialAppUIAcceptanceTests.xctest */,
			);
			name = Products;
			sourceTree = "<group>";
		};
		CDCB196629512DA00046E3D0 /* EssentialApp */ = {
			isa = PBXGroup;
			children = (
				CDCB196729512DA00046E3D0 /* AppDelegate.swift */,
				CDCB196929512DA00046E3D0 /* SceneDelegate.swift */,
				CDCB196D29512DA00046E3D0 /* Main.storyboard */,
				CDCB197029512DA20046E3D0 /* Assets.xcassets */,
				CDCB197229512DA20046E3D0 /* LaunchScreen.storyboard */,
				CDCB197529512DA20046E3D0 /* Info.plist */,
				CD63F6BE2953D17B0052D166 /* FeedLoaderWithFallbackComposit.swift */,
				CD21585A295FA882004614CB /* FeedLoaderCacheDecorator.swift */,
			);
			path = EssentialApp;
			sourceTree = "<group>";
		};
		CDCB197D29512DA20046E3D0 /* EssentialAppTests */ = {
			isa = PBXGroup;
			children = (
				CD21584F295F9C6B004614CB /* Helpers */,
				CD63F6B72953C36A0052D166 /* FeedLoaderWithFallbackCompositTests.swift */,
				CD21584D295F99CE004614CB /* FeedLoaderCacheDecoratorTests.swift */,
			);
			path = EssentialAppTests;
			sourceTree = "<group>";
		};
		CDCB19A329512DD60046E3D0 /* Frameworks */ = {
			isa = PBXGroup;
			children = (
				CDCB19A429512DD60046E3D0 /* EssentialFeed.framework */,
				CDCB19A529512DD60046E3D0 /* EssentialFeediOS.framework */,
			);
			name = Frameworks;
			sourceTree = "<group>";
		};
/* End PBXGroup section */

/* Begin PBXNativeTarget section */
		CD21585F295FAF7D004614CB /* EssentialAppUIAcceptanceTests */ = {
			isa = PBXNativeTarget;
			buildConfigurationList = CD215868295FAF7D004614CB /* Build configuration list for PBXNativeTarget "EssentialAppUIAcceptanceTests" */;
			buildPhases = (
				CD21585C295FAF7D004614CB /* Sources */,
				CD21585D295FAF7D004614CB /* Frameworks */,
				CD21585E295FAF7D004614CB /* Resources */,
			);
			buildRules = (
			);
			dependencies = (
				CD215867295FAF7D004614CB /* PBXTargetDependency */,
			);
			name = EssentialAppUIAcceptanceTests;
			productName = EssentialAppUIAcceptanceTests;
			productReference = CD215860295FAF7D004614CB /* EssentialAppUIAcceptanceTests.xctest */;
			productType = "com.apple.product-type.bundle.ui-testing";
		};
		CDCB196329512DA00046E3D0 /* EssentialApp */ = {
			isa = PBXNativeTarget;
			buildConfigurationList = CDCB198E29512DA20046E3D0 /* Build configuration list for PBXNativeTarget "EssentialApp" */;
			buildPhases = (
				CDCB196029512DA00046E3D0 /* Sources */,
				CDCB196129512DA00046E3D0 /* Frameworks */,
				CDCB196229512DA00046E3D0 /* Resources */,
				CDCB19AA29512DD60046E3D0 /* Embed Frameworks */,
			);
			buildRules = (
			);
			dependencies = (
			);
			name = EssentialApp;
			productName = EssentialApp;
			productReference = CDCB196429512DA00046E3D0 /* EssentialApp.app */;
			productType = "com.apple.product-type.application";
		};
		CDCB197929512DA20046E3D0 /* EssentialAppTests */ = {
			isa = PBXNativeTarget;
			buildConfigurationList = CDCB199129512DA20046E3D0 /* Build configuration list for PBXNativeTarget "EssentialAppTests" */;
			buildPhases = (
				CDCB197629512DA20046E3D0 /* Sources */,
				CDCB197729512DA20046E3D0 /* Frameworks */,
				CDCB197829512DA20046E3D0 /* Resources */,
			);
			buildRules = (
			);
			dependencies = (
				CDCB197C29512DA20046E3D0 /* PBXTargetDependency */,
			);
			name = EssentialAppTests;
			productName = EssentialAppTests;
			productReference = CDCB197A29512DA20046E3D0 /* EssentialAppTests.xctest */;
			productType = "com.apple.product-type.bundle.unit-test";
		};
/* End PBXNativeTarget section */

/* Begin PBXProject section */
		CDCB195C29512DA00046E3D0 /* Project object */ = {
			isa = PBXProject;
			attributes = {
				BuildIndependentTargetsInParallel = 1;
				LastSwiftUpdateCheck = 1420;
				LastUpgradeCheck = 1420;
				TargetAttributes = {
					CD21585F295FAF7D004614CB = {
						CreatedOnToolsVersion = 14.2;
						TestTargetID = CDCB196329512DA00046E3D0;
					};
					CDCB196329512DA00046E3D0 = {
						CreatedOnToolsVersion = 14.2;
					};
					CDCB197929512DA20046E3D0 = {
						CreatedOnToolsVersion = 14.2;
						LastSwiftMigration = 1420;
						TestTargetID = CDCB196329512DA00046E3D0;
					};
				};
			};
			buildConfigurationList = CDCB195F29512DA00046E3D0 /* Build configuration list for PBXProject "EssentialApp" */;
			compatibilityVersion = "Xcode 14.0";
			developmentRegion = en;
			hasScannedForEncodings = 0;
			knownRegions = (
				en,
				Base,
			);
			mainGroup = CDCB195B29512DA00046E3D0;
			productRefGroup = CDCB196529512DA00046E3D0 /* Products */;
			projectDirPath = "";
			projectRoot = "";
			targets = (
				CDCB196329512DA00046E3D0 /* EssentialApp */,
				CDCB197929512DA20046E3D0 /* EssentialAppTests */,
				CD21585F295FAF7D004614CB /* EssentialAppUIAcceptanceTests */,
			);
		};
/* End PBXProject section */

/* Begin PBXResourcesBuildPhase section */
		CD21585E295FAF7D004614CB /* Resources */ = {
			isa = PBXResourcesBuildPhase;
			buildActionMask = 2147483647;
			files = (
			);
			runOnlyForDeploymentPostprocessing = 0;
		};
		CDCB196229512DA00046E3D0 /* Resources */ = {
			isa = PBXResourcesBuildPhase;
			buildActionMask = 2147483647;
			files = (
				CDCB197429512DA20046E3D0 /* LaunchScreen.storyboard in Resources */,
				CDCB197129512DA20046E3D0 /* Assets.xcassets in Resources */,
				CDCB196F29512DA00046E3D0 /* Main.storyboard in Resources */,
			);
			runOnlyForDeploymentPostprocessing = 0;
		};
		CDCB197829512DA20046E3D0 /* Resources */ = {
			isa = PBXResourcesBuildPhase;
			buildActionMask = 2147483647;
			files = (
			);
			runOnlyForDeploymentPostprocessing = 0;
		};
/* End PBXResourcesBuildPhase section */

/* Begin PBXSourcesBuildPhase section */
		CD21585C295FAF7D004614CB /* Sources */ = {
			isa = PBXSourcesBuildPhase;
			buildActionMask = 2147483647;
			files = (
				CD215863295FAF7D004614CB /* EssentialAppUIAcceptanceTests.swift in Sources */,
			);
			runOnlyForDeploymentPostprocessing = 0;
		};
		CDCB196029512DA00046E3D0 /* Sources */ = {
			isa = PBXSourcesBuildPhase;
			buildActionMask = 2147483647;
			files = (
				CDCB196829512DA00046E3D0 /* AppDelegate.swift in Sources */,
				CDCB196A29512DA00046E3D0 /* SceneDelegate.swift in Sources */,
				CD63F6BF2953D17B0052D166 /* FeedLoaderWithFallbackComposit.swift in Sources */,
				CD21585B295FA882004614CB /* FeedLoaderCacheDecorator.swift in Sources */,
			);
			runOnlyForDeploymentPostprocessing = 0;
		};
		CDCB197629512DA20046E3D0 /* Sources */ = {
			isa = PBXSourcesBuildPhase;
			buildActionMask = 2147483647;
			files = (
				CD215851295F9CA6004614CB /* FeedLoaderStub.swift in Sources */,
				CD21584E295F99CE004614CB /* FeedLoaderCacheDecoratorTests.swift in Sources */,
				CD215853295F9D4B004614CB /* SharedTestHelpers.swift in Sources */,
				CD215855295F9ED8004614CB /* XCTestCase+FeedLoader.swift in Sources */,
				CD63F6B82953C36A0052D166 /* FeedLoaderWithFallbackCompositTests.swift in Sources */,
				CD63F6BD2953CADD0052D166 /* TestHelper+MemoryLeak.swift in Sources */,
			);
			runOnlyForDeploymentPostprocessing = 0;
		};
/* End PBXSourcesBuildPhase section */

/* Begin PBXTargetDependency section */
		CD215867295FAF7D004614CB /* PBXTargetDependency */ = {
			isa = PBXTargetDependency;
			target = CDCB196329512DA00046E3D0 /* EssentialApp */;
			targetProxy = CD215866295FAF7D004614CB /* PBXContainerItemProxy */;
		};
		CDCB197C29512DA20046E3D0 /* PBXTargetDependency */ = {
			isa = PBXTargetDependency;
			target = CDCB196329512DA00046E3D0 /* EssentialApp */;
			targetProxy = CDCB197B29512DA20046E3D0 /* PBXContainerItemProxy */;
		};
/* End PBXTargetDependency section */

/* Begin PBXVariantGroup section */
		CDCB196D29512DA00046E3D0 /* Main.storyboard */ = {
			isa = PBXVariantGroup;
			children = (
				CDCB196E29512DA00046E3D0 /* Base */,
			);
			name = Main.storyboard;
			sourceTree = "<group>";
		};
		CDCB197229512DA20046E3D0 /* LaunchScreen.storyboard */ = {
			isa = PBXVariantGroup;
			children = (
				CDCB197329512DA20046E3D0 /* Base */,
			);
			name = LaunchScreen.storyboard;
			sourceTree = "<group>";
		};
/* End PBXVariantGroup section */

/* Begin XCBuildConfiguration section */
		CD215869295FAF7D004614CB /* Debug */ = {
			isa = XCBuildConfiguration;
			buildSettings = {
				CODE_SIGN_STYLE = Automatic;
				CURRENT_PROJECT_VERSION = 1;
				GENERATE_INFOPLIST_FILE = YES;
				MARKETING_VERSION = 1.0;
				PRODUCT_BUNDLE_IDENTIFIER = com.test.EssentialAppUIAcceptanceTests;
				PRODUCT_NAME = "$(TARGET_NAME)";
				SWIFT_EMIT_LOC_STRINGS = NO;
				SWIFT_VERSION = 5.0;
				TARGETED_DEVICE_FAMILY = "1,2";
				TEST_TARGET_NAME = EssentialApp;
			};
			name = Debug;
		};
		CD21586A295FAF7D004614CB /* Release */ = {
			isa = XCBuildConfiguration;
			buildSettings = {
				CODE_SIGN_STYLE = Automatic;
				CURRENT_PROJECT_VERSION = 1;
				GENERATE_INFOPLIST_FILE = YES;
				MARKETING_VERSION = 1.0;
				PRODUCT_BUNDLE_IDENTIFIER = com.test.EssentialAppUIAcceptanceTests;
				PRODUCT_NAME = "$(TARGET_NAME)";
				SWIFT_EMIT_LOC_STRINGS = NO;
				SWIFT_VERSION = 5.0;
				TARGETED_DEVICE_FAMILY = "1,2";
				TEST_TARGET_NAME = EssentialApp;
			};
			name = Release;
		};
		CDCB198C29512DA20046E3D0 /* Debug */ = {
			isa = XCBuildConfiguration;
			buildSettings = {
				ALWAYS_SEARCH_USER_PATHS = NO;
				CLANG_ANALYZER_NONNULL = YES;
				CLANG_ANALYZER_NUMBER_OBJECT_CONVERSION = YES_AGGRESSIVE;
				CLANG_CXX_LANGUAGE_STANDARD = "gnu++20";
				CLANG_ENABLE_MODULES = YES;
				CLANG_ENABLE_OBJC_ARC = YES;
				CLANG_ENABLE_OBJC_WEAK = YES;
				CLANG_WARN_BLOCK_CAPTURE_AUTORELEASING = YES;
				CLANG_WARN_BOOL_CONVERSION = YES;
				CLANG_WARN_COMMA = YES;
				CLANG_WARN_CONSTANT_CONVERSION = YES;
				CLANG_WARN_DEPRECATED_OBJC_IMPLEMENTATIONS = YES;
				CLANG_WARN_DIRECT_OBJC_ISA_USAGE = YES_ERROR;
				CLANG_WARN_DOCUMENTATION_COMMENTS = YES;
				CLANG_WARN_EMPTY_BODY = YES;
				CLANG_WARN_ENUM_CONVERSION = YES;
				CLANG_WARN_INFINITE_RECURSION = YES;
				CLANG_WARN_INT_CONVERSION = YES;
				CLANG_WARN_NON_LITERAL_NULL_CONVERSION = YES;
				CLANG_WARN_OBJC_IMPLICIT_RETAIN_SELF = YES;
				CLANG_WARN_OBJC_LITERAL_CONVERSION = YES;
				CLANG_WARN_OBJC_ROOT_CLASS = YES_ERROR;
				CLANG_WARN_QUOTED_INCLUDE_IN_FRAMEWORK_HEADER = YES;
				CLANG_WARN_RANGE_LOOP_ANALYSIS = YES;
				CLANG_WARN_STRICT_PROTOTYPES = YES;
				CLANG_WARN_SUSPICIOUS_MOVE = YES;
				CLANG_WARN_UNGUARDED_AVAILABILITY = YES_AGGRESSIVE;
				CLANG_WARN_UNREACHABLE_CODE = YES;
				CLANG_WARN__DUPLICATE_METHOD_MATCH = YES;
				COPY_PHASE_STRIP = NO;
				DEBUG_INFORMATION_FORMAT = dwarf;
				ENABLE_STRICT_OBJC_MSGSEND = YES;
				ENABLE_TESTABILITY = YES;
				GCC_C_LANGUAGE_STANDARD = gnu11;
				GCC_DYNAMIC_NO_PIC = NO;
				GCC_NO_COMMON_BLOCKS = YES;
				GCC_OPTIMIZATION_LEVEL = 0;
				GCC_PREPROCESSOR_DEFINITIONS = (
					"DEBUG=1",
					"$(inherited)",
				);
				GCC_WARN_64_TO_32_BIT_CONVERSION = YES;
				GCC_WARN_ABOUT_RETURN_TYPE = YES_ERROR;
				GCC_WARN_UNDECLARED_SELECTOR = YES;
				GCC_WARN_UNINITIALIZED_AUTOS = YES_AGGRESSIVE;
				GCC_WARN_UNUSED_FUNCTION = YES;
				GCC_WARN_UNUSED_VARIABLE = YES;
				IPHONEOS_DEPLOYMENT_TARGET = 16.2;
				MTL_ENABLE_DEBUG_INFO = INCLUDE_SOURCE;
				MTL_FAST_MATH = YES;
				ONLY_ACTIVE_ARCH = YES;
				SDKROOT = iphoneos;
				SWIFT_ACTIVE_COMPILATION_CONDITIONS = DEBUG;
				SWIFT_OPTIMIZATION_LEVEL = "-Onone";
			};
			name = Debug;
		};
		CDCB198D29512DA20046E3D0 /* Release */ = {
			isa = XCBuildConfiguration;
			buildSettings = {
				ALWAYS_SEARCH_USER_PATHS = NO;
				CLANG_ANALYZER_NONNULL = YES;
				CLANG_ANALYZER_NUMBER_OBJECT_CONVERSION = YES_AGGRESSIVE;
				CLANG_CXX_LANGUAGE_STANDARD = "gnu++20";
				CLANG_ENABLE_MODULES = YES;
				CLANG_ENABLE_OBJC_ARC = YES;
				CLANG_ENABLE_OBJC_WEAK = YES;
				CLANG_WARN_BLOCK_CAPTURE_AUTORELEASING = YES;
				CLANG_WARN_BOOL_CONVERSION = YES;
				CLANG_WARN_COMMA = YES;
				CLANG_WARN_CONSTANT_CONVERSION = YES;
				CLANG_WARN_DEPRECATED_OBJC_IMPLEMENTATIONS = YES;
				CLANG_WARN_DIRECT_OBJC_ISA_USAGE = YES_ERROR;
				CLANG_WARN_DOCUMENTATION_COMMENTS = YES;
				CLANG_WARN_EMPTY_BODY = YES;
				CLANG_WARN_ENUM_CONVERSION = YES;
				CLANG_WARN_INFINITE_RECURSION = YES;
				CLANG_WARN_INT_CONVERSION = YES;
				CLANG_WARN_NON_LITERAL_NULL_CONVERSION = YES;
				CLANG_WARN_OBJC_IMPLICIT_RETAIN_SELF = YES;
				CLANG_WARN_OBJC_LITERAL_CONVERSION = YES;
				CLANG_WARN_OBJC_ROOT_CLASS = YES_ERROR;
				CLANG_WARN_QUOTED_INCLUDE_IN_FRAMEWORK_HEADER = YES;
				CLANG_WARN_RANGE_LOOP_ANALYSIS = YES;
				CLANG_WARN_STRICT_PROTOTYPES = YES;
				CLANG_WARN_SUSPICIOUS_MOVE = YES;
				CLANG_WARN_UNGUARDED_AVAILABILITY = YES_AGGRESSIVE;
				CLANG_WARN_UNREACHABLE_CODE = YES;
				CLANG_WARN__DUPLICATE_METHOD_MATCH = YES;
				COPY_PHASE_STRIP = NO;
				DEBUG_INFORMATION_FORMAT = "dwarf-with-dsym";
				ENABLE_NS_ASSERTIONS = NO;
				ENABLE_STRICT_OBJC_MSGSEND = YES;
				GCC_C_LANGUAGE_STANDARD = gnu11;
				GCC_NO_COMMON_BLOCKS = YES;
				GCC_WARN_64_TO_32_BIT_CONVERSION = YES;
				GCC_WARN_ABOUT_RETURN_TYPE = YES_ERROR;
				GCC_WARN_UNDECLARED_SELECTOR = YES;
				GCC_WARN_UNINITIALIZED_AUTOS = YES_AGGRESSIVE;
				GCC_WARN_UNUSED_FUNCTION = YES;
				GCC_WARN_UNUSED_VARIABLE = YES;
				IPHONEOS_DEPLOYMENT_TARGET = 16.2;
				MTL_ENABLE_DEBUG_INFO = NO;
				MTL_FAST_MATH = YES;
				SDKROOT = iphoneos;
				SWIFT_COMPILATION_MODE = wholemodule;
				SWIFT_OPTIMIZATION_LEVEL = "-O";
				VALIDATE_PRODUCT = YES;
			};
			name = Release;
		};
		CDCB198F29512DA20046E3D0 /* Debug */ = {
			isa = XCBuildConfiguration;
			buildSettings = {
				ASSETCATALOG_COMPILER_APPICON_NAME = AppIcon;
				ASSETCATALOG_COMPILER_GLOBAL_ACCENT_COLOR_NAME = AccentColor;
				CODE_SIGN_STYLE = Automatic;
				CURRENT_PROJECT_VERSION = 1;
				GENERATE_INFOPLIST_FILE = YES;
				INFOPLIST_FILE = EssentialApp/Info.plist;
				INFOPLIST_KEY_UIApplicationSupportsIndirectInputEvents = YES;
				INFOPLIST_KEY_UILaunchStoryboardName = LaunchScreen;
				INFOPLIST_KEY_UIMainStoryboardFile = Main;
				INFOPLIST_KEY_UISupportedInterfaceOrientations_iPad = "UIInterfaceOrientationPortrait UIInterfaceOrientationPortraitUpsideDown UIInterfaceOrientationLandscapeLeft UIInterfaceOrientationLandscapeRight";
				INFOPLIST_KEY_UISupportedInterfaceOrientations_iPhone = "UIInterfaceOrientationPortrait UIInterfaceOrientationLandscapeLeft UIInterfaceOrientationLandscapeRight";
				LD_RUNPATH_SEARCH_PATHS = (
					"$(inherited)",
					"@executable_path/Frameworks",
				);
				MARKETING_VERSION = 1.0;
				PRODUCT_BUNDLE_IDENTIFIER = com.test.EssentialApp;
				PRODUCT_NAME = "$(TARGET_NAME)";
				SWIFT_EMIT_LOC_STRINGS = YES;
				SWIFT_VERSION = 5.0;
				TARGETED_DEVICE_FAMILY = "1,2";
			};
			name = Debug;
		};
		CDCB199029512DA20046E3D0 /* Release */ = {
			isa = XCBuildConfiguration;
			buildSettings = {
				ASSETCATALOG_COMPILER_APPICON_NAME = AppIcon;
				ASSETCATALOG_COMPILER_GLOBAL_ACCENT_COLOR_NAME = AccentColor;
				CODE_SIGN_STYLE = Automatic;
				CURRENT_PROJECT_VERSION = 1;
				GENERATE_INFOPLIST_FILE = YES;
				INFOPLIST_FILE = EssentialApp/Info.plist;
				INFOPLIST_KEY_UIApplicationSupportsIndirectInputEvents = YES;
				INFOPLIST_KEY_UILaunchStoryboardName = LaunchScreen;
				INFOPLIST_KEY_UIMainStoryboardFile = Main;
				INFOPLIST_KEY_UISupportedInterfaceOrientations_iPad = "UIInterfaceOrientationPortrait UIInterfaceOrientationPortraitUpsideDown UIInterfaceOrientationLandscapeLeft UIInterfaceOrientationLandscapeRight";
				INFOPLIST_KEY_UISupportedInterfaceOrientations_iPhone = "UIInterfaceOrientationPortrait UIInterfaceOrientationLandscapeLeft UIInterfaceOrientationLandscapeRight";
				LD_RUNPATH_SEARCH_PATHS = (
					"$(inherited)",
					"@executable_path/Frameworks",
				);
				MARKETING_VERSION = 1.0;
				PRODUCT_BUNDLE_IDENTIFIER = com.test.EssentialApp;
				PRODUCT_NAME = "$(TARGET_NAME)";
				SWIFT_EMIT_LOC_STRINGS = YES;
				SWIFT_VERSION = 5.0;
				TARGETED_DEVICE_FAMILY = "1,2";
			};
			name = Release;
		};
		CDCB199229512DA20046E3D0 /* Debug */ = {
			isa = XCBuildConfiguration;
			buildSettings = {
				ALWAYS_EMBED_SWIFT_STANDARD_LIBRARIES = YES;
				BUNDLE_LOADER = "$(TEST_HOST)";
				CLANG_ENABLE_MODULES = YES;
				CLANG_WARN__ARC_BRIDGE_CAST_NONARC = NO;
				CODE_SIGN_STYLE = Automatic;
				CURRENT_PROJECT_VERSION = 1;
				GENERATE_INFOPLIST_FILE = YES;
				IPHONEOS_DEPLOYMENT_TARGET = 16.2;
				LD_RUNPATH_SEARCH_PATHS = (
					"$(inherited)",
					"@executable_path/Frameworks",
					"@loader_path/Frameworks",
				);
				MARKETING_VERSION = 1.0;
				PRODUCT_BUNDLE_IDENTIFIER = com.test.EssentialAppTests;
				PRODUCT_NAME = "$(TARGET_NAME)";
				SUPPORTED_PLATFORMS = "iphoneos iphonesimulator";
				SUPPORTS_MACCATALYST = NO;
				SUPPORTS_MAC_DESIGNED_FOR_IPHONE_IPAD = NO;
				SWIFT_EMIT_LOC_STRINGS = NO;
				SWIFT_INSTALL_OBJC_HEADER = NO;
				SWIFT_OPTIMIZATION_LEVEL = "-Onone";
				SWIFT_PRECOMPILE_BRIDGING_HEADER = NO;
				SWIFT_VERSION = 5.0;
				TARGETED_DEVICE_FAMILY = "1,2";
				TEST_HOST = "$(BUILT_PRODUCTS_DIR)/EssentialApp.app/$(BUNDLE_EXECUTABLE_FOLDER_PATH)/EssentialApp";
			};
			name = Debug;
		};
		CDCB199329512DA20046E3D0 /* Release */ = {
			isa = XCBuildConfiguration;
			buildSettings = {
				ALWAYS_EMBED_SWIFT_STANDARD_LIBRARIES = YES;
				BUNDLE_LOADER = "$(TEST_HOST)";
				CLANG_ENABLE_MODULES = YES;
				CLANG_WARN__ARC_BRIDGE_CAST_NONARC = NO;
				CODE_SIGN_STYLE = Automatic;
				CURRENT_PROJECT_VERSION = 1;
				GENERATE_INFOPLIST_FILE = YES;
				IPHONEOS_DEPLOYMENT_TARGET = 16.2;
				LD_RUNPATH_SEARCH_PATHS = (
					"$(inherited)",
					"@executable_path/Frameworks",
					"@loader_path/Frameworks",
				);
				MARKETING_VERSION = 1.0;
				PRODUCT_BUNDLE_IDENTIFIER = com.test.EssentialAppTests;
				PRODUCT_NAME = "$(TARGET_NAME)";
				SUPPORTED_PLATFORMS = "iphoneos iphonesimulator";
				SUPPORTS_MACCATALYST = NO;
				SUPPORTS_MAC_DESIGNED_FOR_IPHONE_IPAD = NO;
				SWIFT_EMIT_LOC_STRINGS = NO;
				SWIFT_INSTALL_OBJC_HEADER = NO;
				SWIFT_PRECOMPILE_BRIDGING_HEADER = NO;
				SWIFT_VERSION = 5.0;
				TARGETED_DEVICE_FAMILY = "1,2";
				TEST_HOST = "$(BUILT_PRODUCTS_DIR)/EssentialApp.app/$(BUNDLE_EXECUTABLE_FOLDER_PATH)/EssentialApp";
			};
			name = Release;
		};
/* End XCBuildConfiguration section */

/* Begin XCConfigurationList section */
		CD215868295FAF7D004614CB /* Build configuration list for PBXNativeTarget "EssentialAppUIAcceptanceTests" */ = {
			isa = XCConfigurationList;
			buildConfigurations = (
				CD215869295FAF7D004614CB /* Debug */,
				CD21586A295FAF7D004614CB /* Release */,
			);
			defaultConfigurationIsVisible = 0;
			defaultConfigurationName = Release;
		};
		CDCB195F29512DA00046E3D0 /* Build configuration list for PBXProject "EssentialApp" */ = {
			isa = XCConfigurationList;
			buildConfigurations = (
				CDCB198C29512DA20046E3D0 /* Debug */,
				CDCB198D29512DA20046E3D0 /* Release */,
			);
			defaultConfigurationIsVisible = 0;
			defaultConfigurationName = Release;
		};
		CDCB198E29512DA20046E3D0 /* Build configuration list for PBXNativeTarget "EssentialApp" */ = {
			isa = XCConfigurationList;
			buildConfigurations = (
				CDCB198F29512DA20046E3D0 /* Debug */,
				CDCB199029512DA20046E3D0 /* Release */,
			);
			defaultConfigurationIsVisible = 0;
			defaultConfigurationName = Release;
		};
		CDCB199129512DA20046E3D0 /* Build configuration list for PBXNativeTarget "EssentialAppTests" */ = {
			isa = XCConfigurationList;
			buildConfigurations = (
				CDCB199229512DA20046E3D0 /* Debug */,
				CDCB199329512DA20046E3D0 /* Release */,
			);
			defaultConfigurationIsVisible = 0;
			defaultConfigurationName = Release;
		};
/* End XCConfigurationList section */
	};
	rootObject = CDCB195C29512DA00046E3D0 /* Project object */;
}
